
Microsoft Visual Studio Solution File, Format Version 12.00
# Visual Studio Version 16
VisualStudioVersion = 16.0.28803.156
MinimumVisualStudioVersion = 10.0.40219.1
Project("{9A19103F-16F7-4668-BE54-9A1E7A4F7556}") = "OpenRPA.Windows", "OpenRPA.Windows\OpenRPA.Windows.csproj", "{22575D87-A99D-4706-B022-C7E575314A94}"
EndProject
Project("{9A19103F-16F7-4668-BE54-9A1E7A4F7556}") = "OpenRPA.Net", "OpenRPA.Net\OpenRPA.Net.csproj", "{84971661-E141-410F-8E9E-ADE610D1961A}"
EndProject
Project("{9A19103F-16F7-4668-BE54-9A1E7A4F7556}") = "OpenRPA.ExpressionEditor", "OpenRPA.ExpressionEditor\OpenRPA.ExpressionEditor.csproj", "{0D52B2E1-1998-4238-B601-57A2D6ADE2E8}"
EndProject
Project("{9A19103F-16F7-4668-BE54-9A1E7A4F7556}") = "OpenRPA.AviRecorder", "OpenRPA.AviRecorder\OpenRPA.AviRecorder.csproj", "{0BEAA729-25D2-4715-B273-C57E90546E88}"
EndProject
Project("{9A19103F-16F7-4668-BE54-9A1E7A4F7556}") = "OpenRPA.FileWatcher", "OpenRPA.FileWatcher\OpenRPA.FileWatcher.csproj", "{16F995FE-CD1E-43AD-815F-4FCA86A378C8}"
EndProject
Project("{9A19103F-16F7-4668-BE54-9A1E7A4F7556}") = "OpenRPA.Forms", "OpenRPA.Forms\OpenRPA.Forms.csproj", "{C4E1ED1E-5BAB-4B6B-8CC6-31461ABAAAA1}"
EndProject
Project("{9A19103F-16F7-4668-BE54-9A1E7A4F7556}") = "OpenRPA.IE", "OpenRPA.IE\OpenRPA.IE.csproj", "{EB0EA187-D407-48BD-A7E3-64FCBE83FB7A}"
EndProject
Project("{9A19103F-16F7-4668-BE54-9A1E7A4F7556}") = "OpenRPA.Image", "OpenRPA.Image\OpenRPA.Image.csproj", "{5CDF67D7-47F3-48CC-80C2-2573B503A0DD}"
EndProject
Project("{9A19103F-16F7-4668-BE54-9A1E7A4F7556}") = "OpenRPA.Interfaces", "OpenRPA.Interfaces\OpenRPA.Interfaces.csproj", "{5AAA6277-BDC9-4B24-950B-EB7A43AB948A}"
EndProject
Project("{9A19103F-16F7-4668-BE54-9A1E7A4F7556}") = "OpenRPA.Java", "OpenRPA.Java\OpenRPA.Java.csproj", "{89445C63-61F7-4664-A19E-E83488C9C28A}"
EndProject
Project("{9A19103F-16F7-4668-BE54-9A1E7A4F7556}") = "OpenRPA.JavaBridge", "OpenRPA.JavaBridge\OpenRPA.JavaBridge.csproj", "{5EE14A60-E944-4A66-BC06-20EF6C6AF704}"
EndProject
Project("{9A19103F-16F7-4668-BE54-9A1E7A4F7556}") = "OpenRPA.NamedPipeWrapper", "OpenRPA.NamedPipeWrapper\OpenRPA.NamedPipeWrapper.csproj", "{9CBA778A-7C02-46E5-9317-BDCA2B8D1EB6}"
EndProject
Project("{9A19103F-16F7-4668-BE54-9A1E7A4F7556}") = "OpenRPA.NativeMessagingHost", "OpenRPA.NativeMessagingHost\OpenRPA.NativeMessagingHost.csproj", "{2E322CC8-173F-4806-A450-3DBE05430C5A}"
EndProject
Project("{9A19103F-16F7-4668-BE54-9A1E7A4F7556}") = "OpenRPA.NM", "OpenRPA.NM\OpenRPA.NM.csproj", "{6ACBA332-838A-4BAD-ABAE-B50BCB069879}"
EndProject
Project("{9A19103F-16F7-4668-BE54-9A1E7A4F7556}") = "OpenRPA.Office", "OpenRPA.Office\OpenRPA.Office.csproj", "{B3DBDC2F-7C6E-44E0-8F84-B991CDFFD4CC}"
EndProject
Project("{9A19103F-16F7-4668-BE54-9A1E7A4F7556}") = "OpenRPA.Script", "OpenRPA.Script\OpenRPA.Script.csproj", "{3FCE734C-B133-4BA7-A001-7F33B85D8BD5}"
EndProject
Project("{9A19103F-16F7-4668-BE54-9A1E7A4F7556}") = "OpenRPA.Updater", "OpenRPA.Updater\OpenRPA.Updater.csproj", "{501FE807-4F9A-4FF9-A0BA-8F93CFC184DE}"
EndProject
Project("{9A19103F-16F7-4668-BE54-9A1E7A4F7556}") = "WindowsAccessBridgeInterop", "WindowsAccessBridgeInterop\WindowsAccessBridgeInterop.csproj", "{4B5DE0E1-2F0A-426D-BB12-BECB0F6F8B51}"
EndProject
Project("{9A19103F-16F7-4668-BE54-9A1E7A4F7556}") = "OpenRPA", "OpenRPA\OpenRPA.csproj", "{E6F0AB4D-6926-41AE-AD25-2DDA26D9642E}"
EndProject
Project("{9A19103F-16F7-4668-BE54-9A1E7A4F7556}") = "OpenRPA.RDService", "OpenRPA.RDService\OpenRPA.RDService.csproj", "{9A2A4A46-8483-4597-8ECB-C7E6EA91AB4A}"
EndProject
Project("{9A19103F-16F7-4668-BE54-9A1E7A4F7556}") = "OpenRPA.RDServicePlugin", "OpenRPA.RDServicePlugin\OpenRPA.RDServicePlugin.csproj", "{254ECB41-E179-4C23-A434-DF101AF83A18}"
EndProject
Project("{FAE04EC0-301F-11D3-BF4B-00C04F79EFBC}") = "OpenRPA.Elis.Rossum", "OpenRPA.Elis.Rossum\OpenRPA.Elis.Rossum.csproj", "{4FC52354-5012-4A44-89A0-79ECC65CC730}"
EndProject
Global
	GlobalSection(SolutionConfigurationPlatforms) = preSolution
		Debug|Any CPU = Debug|Any CPU
		Release|Any CPU = Release|Any CPU
		ReleaseNuget|Any CPU = ReleaseNuget|Any CPU
	EndGlobalSection
	GlobalSection(ProjectConfigurationPlatforms) = postSolution
		{22575D87-A99D-4706-B022-C7E575314A94}.Debug|Any CPU.ActiveCfg = Debug|Any CPU
		{22575D87-A99D-4706-B022-C7E575314A94}.Debug|Any CPU.Build.0 = Debug|Any CPU
		{22575D87-A99D-4706-B022-C7E575314A94}.Release|Any CPU.ActiveCfg = Release|Any CPU
		{22575D87-A99D-4706-B022-C7E575314A94}.Release|Any CPU.Build.0 = Release|Any CPU
		{22575D87-A99D-4706-B022-C7E575314A94}.ReleaseNuget|Any CPU.ActiveCfg = ReleaseNuget|Any CPU
		{22575D87-A99D-4706-B022-C7E575314A94}.ReleaseNuget|Any CPU.Build.0 = ReleaseNuget|Any CPU
		{84971661-E141-410F-8E9E-ADE610D1961A}.Debug|Any CPU.ActiveCfg = Debug|Any CPU
		{84971661-E141-410F-8E9E-ADE610D1961A}.Debug|Any CPU.Build.0 = Debug|Any CPU
		{84971661-E141-410F-8E9E-ADE610D1961A}.Release|Any CPU.ActiveCfg = Release|Any CPU
		{84971661-E141-410F-8E9E-ADE610D1961A}.Release|Any CPU.Build.0 = Release|Any CPU
		{84971661-E141-410F-8E9E-ADE610D1961A}.ReleaseNuget|Any CPU.ActiveCfg = ReleaseNuget|Any CPU
		{84971661-E141-410F-8E9E-ADE610D1961A}.ReleaseNuget|Any CPU.Build.0 = ReleaseNuget|Any CPU
		{0D52B2E1-1998-4238-B601-57A2D6ADE2E8}.Debug|Any CPU.ActiveCfg = Debug|Any CPU
		{0D52B2E1-1998-4238-B601-57A2D6ADE2E8}.Debug|Any CPU.Build.0 = Debug|Any CPU
		{0D52B2E1-1998-4238-B601-57A2D6ADE2E8}.Release|Any CPU.ActiveCfg = Release|Any CPU
		{0D52B2E1-1998-4238-B601-57A2D6ADE2E8}.Release|Any CPU.Build.0 = Release|Any CPU
		{0D52B2E1-1998-4238-B601-57A2D6ADE2E8}.ReleaseNuget|Any CPU.ActiveCfg = ReleaseNuget|Any CPU
		{0D52B2E1-1998-4238-B601-57A2D6ADE2E8}.ReleaseNuget|Any CPU.Build.0 = ReleaseNuget|Any CPU
		{0BEAA729-25D2-4715-B273-C57E90546E88}.Debug|Any CPU.ActiveCfg = Debug|Any CPU
		{0BEAA729-25D2-4715-B273-C57E90546E88}.Debug|Any CPU.Build.0 = Debug|Any CPU
		{0BEAA729-25D2-4715-B273-C57E90546E88}.Release|Any CPU.ActiveCfg = Release|Any CPU
		{0BEAA729-25D2-4715-B273-C57E90546E88}.Release|Any CPU.Build.0 = Release|Any CPU
		{0BEAA729-25D2-4715-B273-C57E90546E88}.ReleaseNuget|Any CPU.ActiveCfg = ReleaseNuget|Any CPU
		{0BEAA729-25D2-4715-B273-C57E90546E88}.ReleaseNuget|Any CPU.Build.0 = ReleaseNuget|Any CPU
		{16F995FE-CD1E-43AD-815F-4FCA86A378C8}.Debug|Any CPU.ActiveCfg = Debug|Any CPU
		{16F995FE-CD1E-43AD-815F-4FCA86A378C8}.Debug|Any CPU.Build.0 = Debug|Any CPU
		{16F995FE-CD1E-43AD-815F-4FCA86A378C8}.Release|Any CPU.ActiveCfg = Release|Any CPU
		{16F995FE-CD1E-43AD-815F-4FCA86A378C8}.Release|Any CPU.Build.0 = Release|Any CPU
		{16F995FE-CD1E-43AD-815F-4FCA86A378C8}.ReleaseNuget|Any CPU.ActiveCfg = ReleaseNuget|Any CPU
		{16F995FE-CD1E-43AD-815F-4FCA86A378C8}.ReleaseNuget|Any CPU.Build.0 = ReleaseNuget|Any CPU
		{C4E1ED1E-5BAB-4B6B-8CC6-31461ABAAAA1}.Debug|Any CPU.ActiveCfg = Debug|Any CPU
		{C4E1ED1E-5BAB-4B6B-8CC6-31461ABAAAA1}.Debug|Any CPU.Build.0 = Debug|Any CPU
		{C4E1ED1E-5BAB-4B6B-8CC6-31461ABAAAA1}.Release|Any CPU.ActiveCfg = Release|Any CPU
		{C4E1ED1E-5BAB-4B6B-8CC6-31461ABAAAA1}.Release|Any CPU.Build.0 = Release|Any CPU
		{C4E1ED1E-5BAB-4B6B-8CC6-31461ABAAAA1}.ReleaseNuget|Any CPU.ActiveCfg = ReleaseNuget|Any CPU
		{C4E1ED1E-5BAB-4B6B-8CC6-31461ABAAAA1}.ReleaseNuget|Any CPU.Build.0 = ReleaseNuget|Any CPU
		{EB0EA187-D407-48BD-A7E3-64FCBE83FB7A}.Debug|Any CPU.ActiveCfg = Debug|Any CPU
		{EB0EA187-D407-48BD-A7E3-64FCBE83FB7A}.Debug|Any CPU.Build.0 = Debug|Any CPU
		{EB0EA187-D407-48BD-A7E3-64FCBE83FB7A}.Release|Any CPU.ActiveCfg = Release|Any CPU
		{EB0EA187-D407-48BD-A7E3-64FCBE83FB7A}.Release|Any CPU.Build.0 = Release|Any CPU
		{EB0EA187-D407-48BD-A7E3-64FCBE83FB7A}.ReleaseNuget|Any CPU.ActiveCfg = ReleaseNuget|Any CPU
		{EB0EA187-D407-48BD-A7E3-64FCBE83FB7A}.ReleaseNuget|Any CPU.Build.0 = ReleaseNuget|Any CPU
		{5CDF67D7-47F3-48CC-80C2-2573B503A0DD}.Debug|Any CPU.ActiveCfg = Debug|Any CPU
		{5CDF67D7-47F3-48CC-80C2-2573B503A0DD}.Debug|Any CPU.Build.0 = Debug|Any CPU
		{5CDF67D7-47F3-48CC-80C2-2573B503A0DD}.Release|Any CPU.ActiveCfg = Release|Any CPU
		{5CDF67D7-47F3-48CC-80C2-2573B503A0DD}.Release|Any CPU.Build.0 = Release|Any CPU
		{5CDF67D7-47F3-48CC-80C2-2573B503A0DD}.ReleaseNuget|Any CPU.ActiveCfg = ReleaseNuget|Any CPU
		{5CDF67D7-47F3-48CC-80C2-2573B503A0DD}.ReleaseNuget|Any CPU.Build.0 = ReleaseNuget|Any CPU
		{5AAA6277-BDC9-4B24-950B-EB7A43AB948A}.Debug|Any CPU.ActiveCfg = Debug|Any CPU
		{5AAA6277-BDC9-4B24-950B-EB7A43AB948A}.Debug|Any CPU.Build.0 = Debug|Any CPU
		{5AAA6277-BDC9-4B24-950B-EB7A43AB948A}.Release|Any CPU.ActiveCfg = Release|Any CPU
		{5AAA6277-BDC9-4B24-950B-EB7A43AB948A}.Release|Any CPU.Build.0 = Release|Any CPU
		{5AAA6277-BDC9-4B24-950B-EB7A43AB948A}.ReleaseNuget|Any CPU.ActiveCfg = ReleaseNuget|Any CPU
		{5AAA6277-BDC9-4B24-950B-EB7A43AB948A}.ReleaseNuget|Any CPU.Build.0 = ReleaseNuget|Any CPU
		{89445C63-61F7-4664-A19E-E83488C9C28A}.Debug|Any CPU.ActiveCfg = Debug|Any CPU
		{89445C63-61F7-4664-A19E-E83488C9C28A}.Debug|Any CPU.Build.0 = Debug|Any CPU
		{89445C63-61F7-4664-A19E-E83488C9C28A}.Release|Any CPU.ActiveCfg = Release|Any CPU
		{89445C63-61F7-4664-A19E-E83488C9C28A}.Release|Any CPU.Build.0 = Release|Any CPU
		{89445C63-61F7-4664-A19E-E83488C9C28A}.ReleaseNuget|Any CPU.ActiveCfg = ReleaseNuget|Any CPU
		{89445C63-61F7-4664-A19E-E83488C9C28A}.ReleaseNuget|Any CPU.Build.0 = ReleaseNuget|Any CPU
		{5EE14A60-E944-4A66-BC06-20EF6C6AF704}.Debug|Any CPU.ActiveCfg = Debug|Any CPU
		{5EE14A60-E944-4A66-BC06-20EF6C6AF704}.Debug|Any CPU.Build.0 = Debug|Any CPU
		{5EE14A60-E944-4A66-BC06-20EF6C6AF704}.Release|Any CPU.ActiveCfg = Release|Any CPU
		{5EE14A60-E944-4A66-BC06-20EF6C6AF704}.Release|Any CPU.Build.0 = Release|Any CPU
		{5EE14A60-E944-4A66-BC06-20EF6C6AF704}.ReleaseNuget|Any CPU.ActiveCfg = ReleaseNuget|Any CPU
		{5EE14A60-E944-4A66-BC06-20EF6C6AF704}.ReleaseNuget|Any CPU.Build.0 = ReleaseNuget|Any CPU
		{9CBA778A-7C02-46E5-9317-BDCA2B8D1EB6}.Debug|Any CPU.ActiveCfg = Debug|Any CPU
		{9CBA778A-7C02-46E5-9317-BDCA2B8D1EB6}.Debug|Any CPU.Build.0 = Debug|Any CPU
		{9CBA778A-7C02-46E5-9317-BDCA2B8D1EB6}.Release|Any CPU.ActiveCfg = Release|Any CPU
		{9CBA778A-7C02-46E5-9317-BDCA2B8D1EB6}.Release|Any CPU.Build.0 = Release|Any CPU
		{9CBA778A-7C02-46E5-9317-BDCA2B8D1EB6}.ReleaseNuget|Any CPU.ActiveCfg = ReleaseNuget|Any CPU
		{9CBA778A-7C02-46E5-9317-BDCA2B8D1EB6}.ReleaseNuget|Any CPU.Build.0 = ReleaseNuget|Any CPU
		{2E322CC8-173F-4806-A450-3DBE05430C5A}.Debug|Any CPU.ActiveCfg = Debug|Any CPU
		{2E322CC8-173F-4806-A450-3DBE05430C5A}.Debug|Any CPU.Build.0 = Debug|Any CPU
		{2E322CC8-173F-4806-A450-3DBE05430C5A}.Release|Any CPU.ActiveCfg = Release|Any CPU
		{2E322CC8-173F-4806-A450-3DBE05430C5A}.Release|Any CPU.Build.0 = Release|Any CPU
		{2E322CC8-173F-4806-A450-3DBE05430C5A}.ReleaseNuget|Any CPU.ActiveCfg = ReleaseNuget|Any CPU
		{2E322CC8-173F-4806-A450-3DBE05430C5A}.ReleaseNuget|Any CPU.Build.0 = ReleaseNuget|Any CPU
		{6ACBA332-838A-4BAD-ABAE-B50BCB069879}.Debug|Any CPU.ActiveCfg = Debug|Any CPU
		{6ACBA332-838A-4BAD-ABAE-B50BCB069879}.Debug|Any CPU.Build.0 = Debug|Any CPU
		{6ACBA332-838A-4BAD-ABAE-B50BCB069879}.Release|Any CPU.ActiveCfg = Release|Any CPU
		{6ACBA332-838A-4BAD-ABAE-B50BCB069879}.Release|Any CPU.Build.0 = Release|Any CPU
		{6ACBA332-838A-4BAD-ABAE-B50BCB069879}.ReleaseNuget|Any CPU.ActiveCfg = ReleaseNuget|Any CPU
		{6ACBA332-838A-4BAD-ABAE-B50BCB069879}.ReleaseNuget|Any CPU.Build.0 = ReleaseNuget|Any CPU
		{B3DBDC2F-7C6E-44E0-8F84-B991CDFFD4CC}.Debug|Any CPU.ActiveCfg = Debug|Any CPU
		{B3DBDC2F-7C6E-44E0-8F84-B991CDFFD4CC}.Debug|Any CPU.Build.0 = Debug|Any CPU
		{B3DBDC2F-7C6E-44E0-8F84-B991CDFFD4CC}.Release|Any CPU.ActiveCfg = Release|Any CPU
		{B3DBDC2F-7C6E-44E0-8F84-B991CDFFD4CC}.Release|Any CPU.Build.0 = Release|Any CPU
		{B3DBDC2F-7C6E-44E0-8F84-B991CDFFD4CC}.ReleaseNuget|Any CPU.ActiveCfg = ReleaseNuget|Any CPU
		{B3DBDC2F-7C6E-44E0-8F84-B991CDFFD4CC}.ReleaseNuget|Any CPU.Build.0 = ReleaseNuget|Any CPU
		{3FCE734C-B133-4BA7-A001-7F33B85D8BD5}.Debug|Any CPU.ActiveCfg = Debug|Any CPU
		{3FCE734C-B133-4BA7-A001-7F33B85D8BD5}.Debug|Any CPU.Build.0 = Debug|Any CPU
		{3FCE734C-B133-4BA7-A001-7F33B85D8BD5}.Release|Any CPU.ActiveCfg = Release|Any CPU
		{3FCE734C-B133-4BA7-A001-7F33B85D8BD5}.Release|Any CPU.Build.0 = Release|Any CPU
		{3FCE734C-B133-4BA7-A001-7F33B85D8BD5}.ReleaseNuget|Any CPU.ActiveCfg = ReleaseNuget|Any CPU
		{3FCE734C-B133-4BA7-A001-7F33B85D8BD5}.ReleaseNuget|Any CPU.Build.0 = ReleaseNuget|Any CPU
		{501FE807-4F9A-4FF9-A0BA-8F93CFC184DE}.Debug|Any CPU.ActiveCfg = Debug|Any CPU
		{501FE807-4F9A-4FF9-A0BA-8F93CFC184DE}.Debug|Any CPU.Build.0 = Debug|Any CPU
		{501FE807-4F9A-4FF9-A0BA-8F93CFC184DE}.Release|Any CPU.ActiveCfg = Release|Any CPU
		{501FE807-4F9A-4FF9-A0BA-8F93CFC184DE}.Release|Any CPU.Build.0 = Release|Any CPU
		{501FE807-4F9A-4FF9-A0BA-8F93CFC184DE}.ReleaseNuget|Any CPU.ActiveCfg = ReleaseNuget|Any CPU
		{501FE807-4F9A-4FF9-A0BA-8F93CFC184DE}.ReleaseNuget|Any CPU.Build.0 = ReleaseNuget|Any CPU
		{4B5DE0E1-2F0A-426D-BB12-BECB0F6F8B51}.Debug|Any CPU.ActiveCfg = Debug|Any CPU
		{4B5DE0E1-2F0A-426D-BB12-BECB0F6F8B51}.Debug|Any CPU.Build.0 = Debug|Any CPU
		{4B5DE0E1-2F0A-426D-BB12-BECB0F6F8B51}.Release|Any CPU.ActiveCfg = Release|Any CPU
		{4B5DE0E1-2F0A-426D-BB12-BECB0F6F8B51}.Release|Any CPU.Build.0 = Release|Any CPU
		{4B5DE0E1-2F0A-426D-BB12-BECB0F6F8B51}.ReleaseNuget|Any CPU.ActiveCfg = ReleaseNuget|Any CPU
		{4B5DE0E1-2F0A-426D-BB12-BECB0F6F8B51}.ReleaseNuget|Any CPU.Build.0 = ReleaseNuget|Any CPU
		{E6F0AB4D-6926-41AE-AD25-2DDA26D9642E}.Debug|Any CPU.ActiveCfg = Debug|Any CPU
		{E6F0AB4D-6926-41AE-AD25-2DDA26D9642E}.Debug|Any CPU.Build.0 = Debug|Any CPU
		{E6F0AB4D-6926-41AE-AD25-2DDA26D9642E}.Release|Any CPU.ActiveCfg = Release|Any CPU
		{E6F0AB4D-6926-41AE-AD25-2DDA26D9642E}.Release|Any CPU.Build.0 = Release|Any CPU
		{E6F0AB4D-6926-41AE-AD25-2DDA26D9642E}.ReleaseNuget|Any CPU.ActiveCfg = ReleaseNuget|Any CPU
		{E6F0AB4D-6926-41AE-AD25-2DDA26D9642E}.ReleaseNuget|Any CPU.Build.0 = ReleaseNuget|Any CPU
		{9A2A4A46-8483-4597-8ECB-C7E6EA91AB4A}.Debug|Any CPU.ActiveCfg = Debug|Any CPU
		{9A2A4A46-8483-4597-8ECB-C7E6EA91AB4A}.Debug|Any CPU.Build.0 = Debug|Any CPU
		{9A2A4A46-8483-4597-8ECB-C7E6EA91AB4A}.Release|Any CPU.ActiveCfg = Release|Any CPU
		{9A2A4A46-8483-4597-8ECB-C7E6EA91AB4A}.Release|Any CPU.Build.0 = Release|Any CPU
		{9A2A4A46-8483-4597-8ECB-C7E6EA91AB4A}.ReleaseNuget|Any CPU.ActiveCfg = ReleaseNuget|Any CPU
		{9A2A4A46-8483-4597-8ECB-C7E6EA91AB4A}.ReleaseNuget|Any CPU.Build.0 = ReleaseNuget|Any CPU
		{254ECB41-E179-4C23-A434-DF101AF83A18}.Debug|Any CPU.ActiveCfg = Debug|Any CPU
		{254ECB41-E179-4C23-A434-DF101AF83A18}.Debug|Any CPU.Build.0 = Debug|Any CPU
		{254ECB41-E179-4C23-A434-DF101AF83A18}.Release|Any CPU.ActiveCfg = Release|Any CPU
		{254ECB41-E179-4C23-A434-DF101AF83A18}.Release|Any CPU.Build.0 = Release|Any CPU
		{254ECB41-E179-4C23-A434-DF101AF83A18}.ReleaseNuget|Any CPU.ActiveCfg = ReleaseNuget|Any CPU
		{254ECB41-E179-4C23-A434-DF101AF83A18}.ReleaseNuget|Any CPU.Build.0 = ReleaseNuget|Any CPU
		{4FC52354-5012-4A44-89A0-79ECC65CC730}.Debug|Any CPU.ActiveCfg = Debug|Any CPU
		{4FC52354-5012-4A44-89A0-79ECC65CC730}.Debug|Any CPU.Build.0 = Debug|Any CPU
		{4FC52354-5012-4A44-89A0-79ECC65CC730}.Release|Any CPU.ActiveCfg = Release|Any CPU
		{4FC52354-5012-4A44-89A0-79ECC65CC730}.Release|Any CPU.Build.0 = Release|Any CPU
		{4FC52354-5012-4A44-89A0-79ECC65CC730}.ReleaseNuget|Any CPU.ActiveCfg = Release|Any CPU
		{4FC52354-5012-4A44-89A0-79ECC65CC730}.ReleaseNuget|Any CPU.Build.0 = Release|Any CPU
	EndGlobalSection
	GlobalSection(SolutionProperties) = preSolution
		HideSolutionNode = FALSE
	EndGlobalSection
	GlobalSection(ExtensibilityGlobals) = postSolution
		SolutionGuid = {40D49710-F666-4479-96E1-FFC3BA0D3D5A}
		BuildVersion_StartDate = 2000/1/1
	EndGlobalSection
EndGlobal
