
Microsoft Visual Studio Solution File, Format Version 12.00
# Visual Studio Version 16
VisualStudioVersion = 16.0.28803.156
MinimumVisualStudioVersion = 10.0.40219.1
Project("{9A19103F-16F7-4668-BE54-9A1E7A4F7556}") = "OpenRPA.Windows", "OpenRPA.Windows\OpenRPA.Windows.csproj", "{22575D87-A99D-4706-B022-C7E575314A94}"
EndProject
Project("{9A19103F-16F7-4668-BE54-9A1E7A4F7556}") = "OpenRPA.Net", "OpenRPA.Net\OpenRPA.Net.csproj", "{84971661-E141-410F-8E9E-ADE610D1961A}"
EndProject
Project("{9A19103F-16F7-4668-BE54-9A1E7A4F7556}") = "OpenRPA.AviRecorder", "OpenRPA.AviRecorder\OpenRPA.AviRecorder.csproj", "{0BEAA729-25D2-4715-B273-C57E90546E88}"
EndProject
Project("{9A19103F-16F7-4668-BE54-9A1E7A4F7556}") = "OpenRPA.FileWatcher", "OpenRPA.FileWatcher\OpenRPA.FileWatcher.csproj", "{16F995FE-CD1E-43AD-815F-4FCA86A378C8}"
EndProject
Project("{9A19103F-16F7-4668-BE54-9A1E7A4F7556}") = "OpenRPA.Forms", "OpenRPA.Forms\OpenRPA.Forms.csproj", "{C4E1ED1E-5BAB-4B6B-8CC6-31461ABAAAA1}"
EndProject
Project("{9A19103F-16F7-4668-BE54-9A1E7A4F7556}") = "OpenRPA.IE", "OpenRPA.IE\OpenRPA.IE.csproj", "{EB0EA187-D407-48BD-A7E3-64FCBE83FB7A}"
EndProject
Project("{9A19103F-16F7-4668-BE54-9A1E7A4F7556}") = "OpenRPA.Image", "OpenRPA.Image\OpenRPA.Image.csproj", "{5CDF67D7-47F3-48CC-80C2-2573B503A0DD}"
EndProject
Project("{9A19103F-16F7-4668-BE54-9A1E7A4F7556}") = "OpenRPA.Interfaces", "OpenRPA.Interfaces\OpenRPA.Interfaces.csproj", "{5AAA6277-BDC9-4B24-950B-EB7A43AB948A}"
EndProject
Project("{9A19103F-16F7-4668-BE54-9A1E7A4F7556}") = "OpenRPA.Java", "OpenRPA.Java\OpenRPA.Java.csproj", "{89445C63-61F7-4664-A19E-E83488C9C28A}"
EndProject
Project("{9A19103F-16F7-4668-BE54-9A1E7A4F7556}") = "OpenRPA.JavaBridge", "OpenRPA.JavaBridge\OpenRPA.JavaBridge.csproj", "{5EE14A60-E944-4A66-BC06-20EF6C6AF704}"
EndProject
Project("{9A19103F-16F7-4668-BE54-9A1E7A4F7556}") = "OpenRPA.NamedPipeWrapper", "OpenRPA.NamedPipeWrapper\OpenRPA.NamedPipeWrapper.csproj", "{9CBA778A-7C02-46E5-9317-BDCA2B8D1EB6}"
EndProject
Project("{9A19103F-16F7-4668-BE54-9A1E7A4F7556}") = "OpenRPA.NativeMessagingHost", "OpenRPA.NativeMessagingHost\OpenRPA.NativeMessagingHost.csproj", "{2E322CC8-173F-4806-A450-3DBE05430C5A}"
EndProject
Project("{9A19103F-16F7-4668-BE54-9A1E7A4F7556}") = "OpenRPA.NM", "OpenRPA.NM\OpenRPA.NM.csproj", "{6ACBA332-838A-4BAD-ABAE-B50BCB069879}"
EndProject
Project("{9A19103F-16F7-4668-BE54-9A1E7A4F7556}") = "OpenRPA.Office", "OpenRPA.Office\OpenRPA.Office.csproj", "{B3DBDC2F-7C6E-44E0-8F84-B991CDFFD4CC}"
EndProject
Project("{9A19103F-16F7-4668-BE54-9A1E7A4F7556}") = "OpenRPA.Script", "OpenRPA.Script\OpenRPA.Script.csproj", "{3FCE734C-B133-4BA7-A001-7F33B85D8BD5}"
EndProject
Project("{9A19103F-16F7-4668-BE54-9A1E7A4F7556}") = "WindowsAccessBridgeInterop", "WindowsAccessBridgeInterop\WindowsAccessBridgeInterop.csproj", "{4B5DE0E1-2F0A-426D-BB12-BECB0F6F8B51}"
EndProject
Project("{9A19103F-16F7-4668-BE54-9A1E7A4F7556}") = "OpenRPA", "OpenRPA\OpenRPA.csproj", "{E6F0AB4D-6926-41AE-AD25-2DDA26D9642E}"
EndProject
Project("{9A19103F-16F7-4668-BE54-9A1E7A4F7556}") = "OpenRPA.RDService", "OpenRPA.RDService\OpenRPA.RDService.csproj", "{9A2A4A46-8483-4597-8ECB-C7E6EA91AB4A}"
EndProject
Project("{9A19103F-16F7-4668-BE54-9A1E7A4F7556}") = "OpenRPA.RDServicePlugin", "OpenRPA.RDServicePlugin\OpenRPA.RDServicePlugin.csproj", "{254ECB41-E179-4C23-A434-DF101AF83A18}"
EndProject
Project("{9A19103F-16F7-4668-BE54-9A1E7A4F7556}") = "OpenRPA.Elis.Rossum", "OpenRPA.Elis.Rossum\OpenRPA.Elis.Rossum.csproj", "{4FC52354-5012-4A44-89A0-79ECC65CC730}"
EndProject
Project("{9A19103F-16F7-4668-BE54-9A1E7A4F7556}") = "OpenRPA.OpenFlowDB", "OpenRPA.OpenFlowDB\OpenRPA.OpenFlowDB.csproj", "{15F71CA0-8EB5-4A51-8A7F-F0414F774854}"
EndProject
Project("{2150E333-8FDC-42A3-9474-1A3956D46DE8}") = "nsis", "nsis", "{00A8B562-FC2E-4D12-A778-462F0292611E}"
	ProjectSection(SolutionItems) = preProject
		openrpa.nsi = openrpa.nsi
		ReplaceInFile.nsh = ReplaceInFile.nsh
		StrRep.nsh = StrRep.nsh
		test.nsi = test.nsi
	EndProjectSection
EndProject
Project("{9A19103F-16F7-4668-BE54-9A1E7A4F7556}") = "OpenRPA.Utilities", "OpenRPA.Utilities\OpenRPA.Utilities.csproj", "{A81145BC-37F1-42E4-B3CB-5221E08BB222}"
EndProject
Project("{9A19103F-16F7-4668-BE54-9A1E7A4F7556}") = "OpenRPA.CodeEditor", "OpenRPA.CodeEditor\OpenRPA.CodeEditor.csproj", "{A71E984D-180B-4EE3-85C1-86F3937A2B0F}"
EndProject
Project("{9A19103F-16F7-4668-BE54-9A1E7A4F7556}") = "OpenRPA.PDPlugin", "OpenRPA.PDPlugin\OpenRPA.PDPlugin.csproj", "{1AFAEDFC-13BF-40BF-AFF3-FD50FB5193D9}"
EndProject
Project("{9A19103F-16F7-4668-BE54-9A1E7A4F7556}") = "OpenRPA.RDServiceMonitor", "OpenRPA.RDServiceMonitor\OpenRPA.RDServiceMonitor.csproj", "{B42506D3-469E-4283-95EF-95A580ADA86E}"
EndProject
Project("{2150E333-8FDC-42A3-9474-1A3956D46DE8}") = "installer", "installer", "{8CBC9129-7A79-483A-838B-2C6FF3762B35}"
	ProjectSection(SolutionItems) = preProject
		dowinget.bat = dowinget.bat
		sign.ps1 = sign.ps1
	EndProjectSection
EndProject
Project("{FAE04EC0-301F-11D3-BF4B-00C04F79EFBC}") = "OpenRPA.SetupActions", "OpenRPA.SetupActions\OpenRPA.SetupActions.csproj", "{52AF10F7-DCF9-4E1D-B4DD-331456671118}"
EndProject
Project("{930C7802-8A8C-48F9-8165-68863BCCD9DD}") = "OpenRPA.SetupProject", "OpenRPA.SetupProject\OpenRPA.SetupProject.wixproj", "{70E2E351-AC0D-486D-B357-B890EF20D1C8}"
EndProject
Project("{9A19103F-16F7-4668-BE54-9A1E7A4F7556}") = "OpenRPA.Database", "OpenRPA.Database\OpenRPA.Database.csproj", "{9AD1E19B-D311-4484-B147-7DC2FAD484B4}"
EndProject
Project("{9A19103F-16F7-4668-BE54-9A1E7A4F7556}") = "OpenRPA.SAP", "OpenRPA.SAP\OpenRPA.SAP.csproj", "{0657F8E2-F7B5-4CB0-AE79-39E87136967F}"
EndProject
Project("{9A19103F-16F7-4668-BE54-9A1E7A4F7556}") = "OpenRPA.SAPBridge", "OpenRPA.SAPBridge\OpenRPA.SAPBridge.csproj", "{B1FECE6D-BCD8-4554-BC40-9ADCCD2B8B43}"
EndProject
Project("{9A19103F-16F7-4668-BE54-9A1E7A4F7556}") = "OpenRPA.MSSpeech", "OpenRPA.MSSpeech\OpenRPA.MSSpeech.csproj", "{F5B687AA-A5BD-4E7E-A15C-1DA97B857668}"
EndProject
Project("{9A19103F-16F7-4668-BE54-9A1E7A4F7556}") = "OpenRPA.PS", "OpenRPA.ps\OpenRPA.PS.csproj", "{FED047CA-2265-4B9B-86B4-3FBF17FE580F}"
EndProject
Project("{9A19103F-16F7-4668-BE54-9A1E7A4F7556}") = "LiteDB", "..\LiteDB\LiteDB\LiteDB.csproj", "{4BDFB94D-B06A-4AD8-9D19-E3F4D483BB37}"
EndProject
Global
	GlobalSection(SolutionConfigurationPlatforms) = preSolution
		All|Any CPU = All|Any CPU
		All|x86 = All|x86
		Debug|Any CPU = Debug|Any CPU
		Debug|x86 = Debug|x86
		PrepInstaller|Any CPU = PrepInstaller|Any CPU
		PrepInstaller|x86 = PrepInstaller|x86
		Release|Any CPU = Release|Any CPU
		Release|x86 = Release|x86
		ReleaseNuget|Any CPU = ReleaseNuget|Any CPU
		ReleaseNuget|x86 = ReleaseNuget|x86
	EndGlobalSection
	GlobalSection(ProjectConfigurationPlatforms) = postSolution
		{22575D87-A99D-4706-B022-C7E575314A94}.All|Any CPU.ActiveCfg = ReleaseNuget|Any CPU
		{22575D87-A99D-4706-B022-C7E575314A94}.All|Any CPU.Build.0 = ReleaseNuget|Any CPU
		{22575D87-A99D-4706-B022-C7E575314A94}.All|x86.ActiveCfg = ReleaseNuget|Any CPU
		{22575D87-A99D-4706-B022-C7E575314A94}.All|x86.Build.0 = ReleaseNuget|Any CPU
		{22575D87-A99D-4706-B022-C7E575314A94}.Debug|Any CPU.ActiveCfg = Debug|Any CPU
		{22575D87-A99D-4706-B022-C7E575314A94}.Debug|Any CPU.Build.0 = Debug|Any CPU
		{22575D87-A99D-4706-B022-C7E575314A94}.Debug|x86.ActiveCfg = Debug|x86
		{22575D87-A99D-4706-B022-C7E575314A94}.Debug|x86.Build.0 = Debug|x86
		{22575D87-A99D-4706-B022-C7E575314A94}.PrepInstaller|Any CPU.ActiveCfg = PrepInstaller|Any CPU
		{22575D87-A99D-4706-B022-C7E575314A94}.PrepInstaller|Any CPU.Build.0 = PrepInstaller|Any CPU
		{22575D87-A99D-4706-B022-C7E575314A94}.PrepInstaller|x86.ActiveCfg = PrepInstaller|Any CPU
		{22575D87-A99D-4706-B022-C7E575314A94}.PrepInstaller|x86.Build.0 = PrepInstaller|Any CPU
		{22575D87-A99D-4706-B022-C7E575314A94}.Release|Any CPU.ActiveCfg = Release|Any CPU
		{22575D87-A99D-4706-B022-C7E575314A94}.Release|Any CPU.Build.0 = Release|Any CPU
		{22575D87-A99D-4706-B022-C7E575314A94}.Release|x86.ActiveCfg = Release|Any CPU
		{22575D87-A99D-4706-B022-C7E575314A94}.Release|x86.Build.0 = Release|Any CPU
		{22575D87-A99D-4706-B022-C7E575314A94}.ReleaseNuget|Any CPU.ActiveCfg = ReleaseNuget|Any CPU
		{22575D87-A99D-4706-B022-C7E575314A94}.ReleaseNuget|Any CPU.Build.0 = ReleaseNuget|Any CPU
		{22575D87-A99D-4706-B022-C7E575314A94}.ReleaseNuget|x86.ActiveCfg = ReleaseNuget|Any CPU
		{22575D87-A99D-4706-B022-C7E575314A94}.ReleaseNuget|x86.Build.0 = ReleaseNuget|Any CPU
		{84971661-E141-410F-8E9E-ADE610D1961A}.All|Any CPU.ActiveCfg = ReleaseNuget|Any CPU
		{84971661-E141-410F-8E9E-ADE610D1961A}.All|Any CPU.Build.0 = ReleaseNuget|Any CPU
		{84971661-E141-410F-8E9E-ADE610D1961A}.All|x86.ActiveCfg = ReleaseNuget|Any CPU
		{84971661-E141-410F-8E9E-ADE610D1961A}.All|x86.Build.0 = ReleaseNuget|Any CPU
		{84971661-E141-410F-8E9E-ADE610D1961A}.Debug|Any CPU.ActiveCfg = Debug|Any CPU
		{84971661-E141-410F-8E9E-ADE610D1961A}.Debug|Any CPU.Build.0 = Debug|Any CPU
		{84971661-E141-410F-8E9E-ADE610D1961A}.Debug|x86.ActiveCfg = Debug|x86
		{84971661-E141-410F-8E9E-ADE610D1961A}.Debug|x86.Build.0 = Debug|x86
		{84971661-E141-410F-8E9E-ADE610D1961A}.PrepInstaller|Any CPU.ActiveCfg = PrepInstaller|Any CPU
		{84971661-E141-410F-8E9E-ADE610D1961A}.PrepInstaller|Any CPU.Build.0 = PrepInstaller|Any CPU
		{84971661-E141-410F-8E9E-ADE610D1961A}.PrepInstaller|x86.ActiveCfg = PrepInstaller|Any CPU
		{84971661-E141-410F-8E9E-ADE610D1961A}.PrepInstaller|x86.Build.0 = PrepInstaller|Any CPU
		{84971661-E141-410F-8E9E-ADE610D1961A}.Release|Any CPU.ActiveCfg = Release|Any CPU
		{84971661-E141-410F-8E9E-ADE610D1961A}.Release|Any CPU.Build.0 = Release|Any CPU
		{84971661-E141-410F-8E9E-ADE610D1961A}.Release|x86.ActiveCfg = Release|Any CPU
		{84971661-E141-410F-8E9E-ADE610D1961A}.Release|x86.Build.0 = Release|Any CPU
		{84971661-E141-410F-8E9E-ADE610D1961A}.ReleaseNuget|Any CPU.ActiveCfg = ReleaseNuget|Any CPU
		{84971661-E141-410F-8E9E-ADE610D1961A}.ReleaseNuget|Any CPU.Build.0 = ReleaseNuget|Any CPU
		{84971661-E141-410F-8E9E-ADE610D1961A}.ReleaseNuget|x86.ActiveCfg = ReleaseNuget|Any CPU
		{84971661-E141-410F-8E9E-ADE610D1961A}.ReleaseNuget|x86.Build.0 = ReleaseNuget|Any CPU
		{0BEAA729-25D2-4715-B273-C57E90546E88}.All|Any CPU.ActiveCfg = ReleaseNuget|Any CPU
		{0BEAA729-25D2-4715-B273-C57E90546E88}.All|Any CPU.Build.0 = ReleaseNuget|Any CPU
		{0BEAA729-25D2-4715-B273-C57E90546E88}.All|x86.ActiveCfg = ReleaseNuget|Any CPU
		{0BEAA729-25D2-4715-B273-C57E90546E88}.All|x86.Build.0 = ReleaseNuget|Any CPU
		{0BEAA729-25D2-4715-B273-C57E90546E88}.Debug|Any CPU.ActiveCfg = Debug|Any CPU
		{0BEAA729-25D2-4715-B273-C57E90546E88}.Debug|Any CPU.Build.0 = Debug|Any CPU
		{0BEAA729-25D2-4715-B273-C57E90546E88}.Debug|x86.ActiveCfg = Debug|x86
		{0BEAA729-25D2-4715-B273-C57E90546E88}.Debug|x86.Build.0 = Debug|x86
		{0BEAA729-25D2-4715-B273-C57E90546E88}.PrepInstaller|Any CPU.ActiveCfg = PrepInstaller|Any CPU
		{0BEAA729-25D2-4715-B273-C57E90546E88}.PrepInstaller|Any CPU.Build.0 = PrepInstaller|Any CPU
		{0BEAA729-25D2-4715-B273-C57E90546E88}.PrepInstaller|x86.ActiveCfg = PrepInstaller|Any CPU
		{0BEAA729-25D2-4715-B273-C57E90546E88}.PrepInstaller|x86.Build.0 = PrepInstaller|Any CPU
		{0BEAA729-25D2-4715-B273-C57E90546E88}.Release|Any CPU.ActiveCfg = Release|Any CPU
		{0BEAA729-25D2-4715-B273-C57E90546E88}.Release|Any CPU.Build.0 = Release|Any CPU
		{0BEAA729-25D2-4715-B273-C57E90546E88}.Release|x86.ActiveCfg = Release|Any CPU
		{0BEAA729-25D2-4715-B273-C57E90546E88}.Release|x86.Build.0 = Release|Any CPU
		{0BEAA729-25D2-4715-B273-C57E90546E88}.ReleaseNuget|Any CPU.ActiveCfg = ReleaseNuget|Any CPU
		{0BEAA729-25D2-4715-B273-C57E90546E88}.ReleaseNuget|Any CPU.Build.0 = ReleaseNuget|Any CPU
		{0BEAA729-25D2-4715-B273-C57E90546E88}.ReleaseNuget|x86.ActiveCfg = ReleaseNuget|Any CPU
		{0BEAA729-25D2-4715-B273-C57E90546E88}.ReleaseNuget|x86.Build.0 = ReleaseNuget|Any CPU
		{16F995FE-CD1E-43AD-815F-4FCA86A378C8}.All|Any CPU.ActiveCfg = ReleaseNuget|Any CPU
		{16F995FE-CD1E-43AD-815F-4FCA86A378C8}.All|Any CPU.Build.0 = ReleaseNuget|Any CPU
		{16F995FE-CD1E-43AD-815F-4FCA86A378C8}.All|x86.ActiveCfg = ReleaseNuget|Any CPU
		{16F995FE-CD1E-43AD-815F-4FCA86A378C8}.All|x86.Build.0 = ReleaseNuget|Any CPU
		{16F995FE-CD1E-43AD-815F-4FCA86A378C8}.Debug|Any CPU.ActiveCfg = Debug|Any CPU
		{16F995FE-CD1E-43AD-815F-4FCA86A378C8}.Debug|Any CPU.Build.0 = Debug|Any CPU
		{16F995FE-CD1E-43AD-815F-4FCA86A378C8}.Debug|x86.ActiveCfg = Debug|x86
		{16F995FE-CD1E-43AD-815F-4FCA86A378C8}.Debug|x86.Build.0 = Debug|x86
		{16F995FE-CD1E-43AD-815F-4FCA86A378C8}.PrepInstaller|Any CPU.ActiveCfg = PrepInstaller|Any CPU
		{16F995FE-CD1E-43AD-815F-4FCA86A378C8}.PrepInstaller|Any CPU.Build.0 = PrepInstaller|Any CPU
		{16F995FE-CD1E-43AD-815F-4FCA86A378C8}.PrepInstaller|x86.ActiveCfg = PrepInstaller|Any CPU
		{16F995FE-CD1E-43AD-815F-4FCA86A378C8}.PrepInstaller|x86.Build.0 = PrepInstaller|Any CPU
		{16F995FE-CD1E-43AD-815F-4FCA86A378C8}.Release|Any CPU.ActiveCfg = Release|Any CPU
		{16F995FE-CD1E-43AD-815F-4FCA86A378C8}.Release|Any CPU.Build.0 = Release|Any CPU
		{16F995FE-CD1E-43AD-815F-4FCA86A378C8}.Release|x86.ActiveCfg = Release|Any CPU
		{16F995FE-CD1E-43AD-815F-4FCA86A378C8}.Release|x86.Build.0 = Release|Any CPU
		{16F995FE-CD1E-43AD-815F-4FCA86A378C8}.ReleaseNuget|Any CPU.ActiveCfg = ReleaseNuget|Any CPU
		{16F995FE-CD1E-43AD-815F-4FCA86A378C8}.ReleaseNuget|Any CPU.Build.0 = ReleaseNuget|Any CPU
		{16F995FE-CD1E-43AD-815F-4FCA86A378C8}.ReleaseNuget|x86.ActiveCfg = ReleaseNuget|Any CPU
		{16F995FE-CD1E-43AD-815F-4FCA86A378C8}.ReleaseNuget|x86.Build.0 = ReleaseNuget|Any CPU
		{C4E1ED1E-5BAB-4B6B-8CC6-31461ABAAAA1}.All|Any CPU.ActiveCfg = ReleaseNuget|Any CPU
		{C4E1ED1E-5BAB-4B6B-8CC6-31461ABAAAA1}.All|Any CPU.Build.0 = ReleaseNuget|Any CPU
		{C4E1ED1E-5BAB-4B6B-8CC6-31461ABAAAA1}.All|x86.ActiveCfg = ReleaseNuget|Any CPU
		{C4E1ED1E-5BAB-4B6B-8CC6-31461ABAAAA1}.All|x86.Build.0 = ReleaseNuget|Any CPU
		{C4E1ED1E-5BAB-4B6B-8CC6-31461ABAAAA1}.Debug|Any CPU.ActiveCfg = Debug|Any CPU
		{C4E1ED1E-5BAB-4B6B-8CC6-31461ABAAAA1}.Debug|Any CPU.Build.0 = Debug|Any CPU
		{C4E1ED1E-5BAB-4B6B-8CC6-31461ABAAAA1}.Debug|x86.ActiveCfg = Debug|x86
		{C4E1ED1E-5BAB-4B6B-8CC6-31461ABAAAA1}.Debug|x86.Build.0 = Debug|x86
		{C4E1ED1E-5BAB-4B6B-8CC6-31461ABAAAA1}.PrepInstaller|Any CPU.ActiveCfg = PrepInstaller|Any CPU
		{C4E1ED1E-5BAB-4B6B-8CC6-31461ABAAAA1}.PrepInstaller|Any CPU.Build.0 = PrepInstaller|Any CPU
		{C4E1ED1E-5BAB-4B6B-8CC6-31461ABAAAA1}.PrepInstaller|x86.ActiveCfg = PrepInstaller|Any CPU
		{C4E1ED1E-5BAB-4B6B-8CC6-31461ABAAAA1}.PrepInstaller|x86.Build.0 = PrepInstaller|Any CPU
		{C4E1ED1E-5BAB-4B6B-8CC6-31461ABAAAA1}.Release|Any CPU.ActiveCfg = Release|Any CPU
		{C4E1ED1E-5BAB-4B6B-8CC6-31461ABAAAA1}.Release|Any CPU.Build.0 = Release|Any CPU
		{C4E1ED1E-5BAB-4B6B-8CC6-31461ABAAAA1}.Release|x86.ActiveCfg = Release|Any CPU
		{C4E1ED1E-5BAB-4B6B-8CC6-31461ABAAAA1}.Release|x86.Build.0 = Release|Any CPU
		{C4E1ED1E-5BAB-4B6B-8CC6-31461ABAAAA1}.ReleaseNuget|Any CPU.ActiveCfg = ReleaseNuget|Any CPU
		{C4E1ED1E-5BAB-4B6B-8CC6-31461ABAAAA1}.ReleaseNuget|Any CPU.Build.0 = ReleaseNuget|Any CPU
		{C4E1ED1E-5BAB-4B6B-8CC6-31461ABAAAA1}.ReleaseNuget|x86.ActiveCfg = ReleaseNuget|Any CPU
		{C4E1ED1E-5BAB-4B6B-8CC6-31461ABAAAA1}.ReleaseNuget|x86.Build.0 = ReleaseNuget|Any CPU
		{EB0EA187-D407-48BD-A7E3-64FCBE83FB7A}.All|Any CPU.ActiveCfg = ReleaseNuget|Any CPU
		{EB0EA187-D407-48BD-A7E3-64FCBE83FB7A}.All|Any CPU.Build.0 = ReleaseNuget|Any CPU
		{EB0EA187-D407-48BD-A7E3-64FCBE83FB7A}.All|x86.ActiveCfg = ReleaseNuget|Any CPU
		{EB0EA187-D407-48BD-A7E3-64FCBE83FB7A}.All|x86.Build.0 = ReleaseNuget|Any CPU
		{EB0EA187-D407-48BD-A7E3-64FCBE83FB7A}.Debug|Any CPU.ActiveCfg = Debug|Any CPU
		{EB0EA187-D407-48BD-A7E3-64FCBE83FB7A}.Debug|Any CPU.Build.0 = Debug|Any CPU
		{EB0EA187-D407-48BD-A7E3-64FCBE83FB7A}.Debug|x86.ActiveCfg = Debug|x86
		{EB0EA187-D407-48BD-A7E3-64FCBE83FB7A}.Debug|x86.Build.0 = Debug|x86
		{EB0EA187-D407-48BD-A7E3-64FCBE83FB7A}.PrepInstaller|Any CPU.ActiveCfg = PrepInstaller|Any CPU
		{EB0EA187-D407-48BD-A7E3-64FCBE83FB7A}.PrepInstaller|Any CPU.Build.0 = PrepInstaller|Any CPU
		{EB0EA187-D407-48BD-A7E3-64FCBE83FB7A}.PrepInstaller|x86.ActiveCfg = PrepInstaller|Any CPU
		{EB0EA187-D407-48BD-A7E3-64FCBE83FB7A}.PrepInstaller|x86.Build.0 = PrepInstaller|Any CPU
		{EB0EA187-D407-48BD-A7E3-64FCBE83FB7A}.Release|Any CPU.ActiveCfg = Release|Any CPU
		{EB0EA187-D407-48BD-A7E3-64FCBE83FB7A}.Release|Any CPU.Build.0 = Release|Any CPU
		{EB0EA187-D407-48BD-A7E3-64FCBE83FB7A}.Release|x86.ActiveCfg = Release|Any CPU
		{EB0EA187-D407-48BD-A7E3-64FCBE83FB7A}.Release|x86.Build.0 = Release|Any CPU
		{EB0EA187-D407-48BD-A7E3-64FCBE83FB7A}.ReleaseNuget|Any CPU.ActiveCfg = ReleaseNuget|Any CPU
		{EB0EA187-D407-48BD-A7E3-64FCBE83FB7A}.ReleaseNuget|Any CPU.Build.0 = ReleaseNuget|Any CPU
		{EB0EA187-D407-48BD-A7E3-64FCBE83FB7A}.ReleaseNuget|x86.ActiveCfg = ReleaseNuget|Any CPU
		{EB0EA187-D407-48BD-A7E3-64FCBE83FB7A}.ReleaseNuget|x86.Build.0 = ReleaseNuget|Any CPU
		{5CDF67D7-47F3-48CC-80C2-2573B503A0DD}.All|Any CPU.ActiveCfg = ReleaseNuget|Any CPU
		{5CDF67D7-47F3-48CC-80C2-2573B503A0DD}.All|Any CPU.Build.0 = ReleaseNuget|Any CPU
		{5CDF67D7-47F3-48CC-80C2-2573B503A0DD}.All|x86.ActiveCfg = ReleaseNuget|Any CPU
		{5CDF67D7-47F3-48CC-80C2-2573B503A0DD}.All|x86.Build.0 = ReleaseNuget|Any CPU
		{5CDF67D7-47F3-48CC-80C2-2573B503A0DD}.Debug|Any CPU.ActiveCfg = Debug|Any CPU
		{5CDF67D7-47F3-48CC-80C2-2573B503A0DD}.Debug|Any CPU.Build.0 = Debug|Any CPU
		{5CDF67D7-47F3-48CC-80C2-2573B503A0DD}.Debug|x86.ActiveCfg = Debug|x86
		{5CDF67D7-47F3-48CC-80C2-2573B503A0DD}.Debug|x86.Build.0 = Debug|x86
		{5CDF67D7-47F3-48CC-80C2-2573B503A0DD}.PrepInstaller|Any CPU.ActiveCfg = PrepInstaller|Any CPU
		{5CDF67D7-47F3-48CC-80C2-2573B503A0DD}.PrepInstaller|Any CPU.Build.0 = PrepInstaller|Any CPU
		{5CDF67D7-47F3-48CC-80C2-2573B503A0DD}.PrepInstaller|x86.ActiveCfg = PrepInstaller|Any CPU
		{5CDF67D7-47F3-48CC-80C2-2573B503A0DD}.PrepInstaller|x86.Build.0 = PrepInstaller|Any CPU
		{5CDF67D7-47F3-48CC-80C2-2573B503A0DD}.Release|Any CPU.ActiveCfg = Release|Any CPU
		{5CDF67D7-47F3-48CC-80C2-2573B503A0DD}.Release|Any CPU.Build.0 = Release|Any CPU
		{5CDF67D7-47F3-48CC-80C2-2573B503A0DD}.Release|x86.ActiveCfg = Release|Any CPU
		{5CDF67D7-47F3-48CC-80C2-2573B503A0DD}.Release|x86.Build.0 = Release|Any CPU
		{5CDF67D7-47F3-48CC-80C2-2573B503A0DD}.ReleaseNuget|Any CPU.ActiveCfg = ReleaseNuget|Any CPU
		{5CDF67D7-47F3-48CC-80C2-2573B503A0DD}.ReleaseNuget|Any CPU.Build.0 = ReleaseNuget|Any CPU
		{5CDF67D7-47F3-48CC-80C2-2573B503A0DD}.ReleaseNuget|x86.ActiveCfg = ReleaseNuget|Any CPU
		{5CDF67D7-47F3-48CC-80C2-2573B503A0DD}.ReleaseNuget|x86.Build.0 = ReleaseNuget|Any CPU
		{5AAA6277-BDC9-4B24-950B-EB7A43AB948A}.All|Any CPU.ActiveCfg = ReleaseNuget|Any CPU
		{5AAA6277-BDC9-4B24-950B-EB7A43AB948A}.All|Any CPU.Build.0 = ReleaseNuget|Any CPU
		{5AAA6277-BDC9-4B24-950B-EB7A43AB948A}.All|x86.ActiveCfg = ReleaseNuget|Any CPU
		{5AAA6277-BDC9-4B24-950B-EB7A43AB948A}.All|x86.Build.0 = ReleaseNuget|Any CPU
		{5AAA6277-BDC9-4B24-950B-EB7A43AB948A}.Debug|Any CPU.ActiveCfg = Debug|Any CPU
		{5AAA6277-BDC9-4B24-950B-EB7A43AB948A}.Debug|Any CPU.Build.0 = Debug|Any CPU
		{5AAA6277-BDC9-4B24-950B-EB7A43AB948A}.Debug|x86.ActiveCfg = Debug|x86
		{5AAA6277-BDC9-4B24-950B-EB7A43AB948A}.Debug|x86.Build.0 = Debug|x86
		{5AAA6277-BDC9-4B24-950B-EB7A43AB948A}.PrepInstaller|Any CPU.ActiveCfg = PrepInstaller|Any CPU
		{5AAA6277-BDC9-4B24-950B-EB7A43AB948A}.PrepInstaller|Any CPU.Build.0 = PrepInstaller|Any CPU
		{5AAA6277-BDC9-4B24-950B-EB7A43AB948A}.PrepInstaller|x86.ActiveCfg = PrepInstaller|Any CPU
		{5AAA6277-BDC9-4B24-950B-EB7A43AB948A}.PrepInstaller|x86.Build.0 = PrepInstaller|Any CPU
		{5AAA6277-BDC9-4B24-950B-EB7A43AB948A}.Release|Any CPU.ActiveCfg = Release|Any CPU
		{5AAA6277-BDC9-4B24-950B-EB7A43AB948A}.Release|Any CPU.Build.0 = Release|Any CPU
		{5AAA6277-BDC9-4B24-950B-EB7A43AB948A}.Release|x86.ActiveCfg = Release|Any CPU
		{5AAA6277-BDC9-4B24-950B-EB7A43AB948A}.Release|x86.Build.0 = Release|Any CPU
		{5AAA6277-BDC9-4B24-950B-EB7A43AB948A}.ReleaseNuget|Any CPU.ActiveCfg = ReleaseNuget|Any CPU
		{5AAA6277-BDC9-4B24-950B-EB7A43AB948A}.ReleaseNuget|Any CPU.Build.0 = ReleaseNuget|Any CPU
		{5AAA6277-BDC9-4B24-950B-EB7A43AB948A}.ReleaseNuget|x86.ActiveCfg = ReleaseNuget|Any CPU
		{5AAA6277-BDC9-4B24-950B-EB7A43AB948A}.ReleaseNuget|x86.Build.0 = ReleaseNuget|Any CPU
		{89445C63-61F7-4664-A19E-E83488C9C28A}.All|Any CPU.ActiveCfg = ReleaseNuget|Any CPU
		{89445C63-61F7-4664-A19E-E83488C9C28A}.All|Any CPU.Build.0 = ReleaseNuget|Any CPU
		{89445C63-61F7-4664-A19E-E83488C9C28A}.All|x86.ActiveCfg = ReleaseNuget|Any CPU
		{89445C63-61F7-4664-A19E-E83488C9C28A}.All|x86.Build.0 = ReleaseNuget|Any CPU
		{89445C63-61F7-4664-A19E-E83488C9C28A}.Debug|Any CPU.ActiveCfg = Debug|Any CPU
		{89445C63-61F7-4664-A19E-E83488C9C28A}.Debug|Any CPU.Build.0 = Debug|Any CPU
		{89445C63-61F7-4664-A19E-E83488C9C28A}.Debug|x86.ActiveCfg = Debug|x86
		{89445C63-61F7-4664-A19E-E83488C9C28A}.Debug|x86.Build.0 = Debug|x86
		{89445C63-61F7-4664-A19E-E83488C9C28A}.PrepInstaller|Any CPU.ActiveCfg = PrepInstaller|Any CPU
		{89445C63-61F7-4664-A19E-E83488C9C28A}.PrepInstaller|Any CPU.Build.0 = PrepInstaller|Any CPU
		{89445C63-61F7-4664-A19E-E83488C9C28A}.PrepInstaller|x86.ActiveCfg = PrepInstaller|Any CPU
		{89445C63-61F7-4664-A19E-E83488C9C28A}.PrepInstaller|x86.Build.0 = PrepInstaller|Any CPU
		{89445C63-61F7-4664-A19E-E83488C9C28A}.Release|Any CPU.ActiveCfg = Release|Any CPU
		{89445C63-61F7-4664-A19E-E83488C9C28A}.Release|Any CPU.Build.0 = Release|Any CPU
		{89445C63-61F7-4664-A19E-E83488C9C28A}.Release|x86.ActiveCfg = Release|Any CPU
		{89445C63-61F7-4664-A19E-E83488C9C28A}.Release|x86.Build.0 = Release|Any CPU
		{89445C63-61F7-4664-A19E-E83488C9C28A}.ReleaseNuget|Any CPU.ActiveCfg = ReleaseNuget|Any CPU
		{89445C63-61F7-4664-A19E-E83488C9C28A}.ReleaseNuget|Any CPU.Build.0 = ReleaseNuget|Any CPU
		{89445C63-61F7-4664-A19E-E83488C9C28A}.ReleaseNuget|x86.ActiveCfg = ReleaseNuget|Any CPU
		{89445C63-61F7-4664-A19E-E83488C9C28A}.ReleaseNuget|x86.Build.0 = ReleaseNuget|Any CPU
		{5EE14A60-E944-4A66-BC06-20EF6C6AF704}.All|Any CPU.ActiveCfg = ReleaseNuget|Any CPU
		{5EE14A60-E944-4A66-BC06-20EF6C6AF704}.All|Any CPU.Build.0 = ReleaseNuget|Any CPU
		{5EE14A60-E944-4A66-BC06-20EF6C6AF704}.All|x86.ActiveCfg = ReleaseNuget|Any CPU
		{5EE14A60-E944-4A66-BC06-20EF6C6AF704}.All|x86.Build.0 = ReleaseNuget|Any CPU
		{5EE14A60-E944-4A66-BC06-20EF6C6AF704}.Debug|Any CPU.ActiveCfg = Debug|Any CPU
		{5EE14A60-E944-4A66-BC06-20EF6C6AF704}.Debug|Any CPU.Build.0 = Debug|Any CPU
		{5EE14A60-E944-4A66-BC06-20EF6C6AF704}.Debug|x86.ActiveCfg = Debug|x86
		{5EE14A60-E944-4A66-BC06-20EF6C6AF704}.Debug|x86.Build.0 = Debug|x86
		{5EE14A60-E944-4A66-BC06-20EF6C6AF704}.PrepInstaller|Any CPU.ActiveCfg = PrepInstaller|Any CPU
		{5EE14A60-E944-4A66-BC06-20EF6C6AF704}.PrepInstaller|Any CPU.Build.0 = PrepInstaller|Any CPU
		{5EE14A60-E944-4A66-BC06-20EF6C6AF704}.PrepInstaller|x86.ActiveCfg = PrepInstaller|Any CPU
		{5EE14A60-E944-4A66-BC06-20EF6C6AF704}.PrepInstaller|x86.Build.0 = PrepInstaller|Any CPU
		{5EE14A60-E944-4A66-BC06-20EF6C6AF704}.Release|Any CPU.ActiveCfg = Release|Any CPU
		{5EE14A60-E944-4A66-BC06-20EF6C6AF704}.Release|Any CPU.Build.0 = Release|Any CPU
		{5EE14A60-E944-4A66-BC06-20EF6C6AF704}.Release|x86.ActiveCfg = Release|Any CPU
		{5EE14A60-E944-4A66-BC06-20EF6C6AF704}.Release|x86.Build.0 = Release|Any CPU
		{5EE14A60-E944-4A66-BC06-20EF6C6AF704}.ReleaseNuget|Any CPU.ActiveCfg = ReleaseNuget|Any CPU
		{5EE14A60-E944-4A66-BC06-20EF6C6AF704}.ReleaseNuget|Any CPU.Build.0 = ReleaseNuget|Any CPU
		{5EE14A60-E944-4A66-BC06-20EF6C6AF704}.ReleaseNuget|x86.ActiveCfg = ReleaseNuget|Any CPU
		{5EE14A60-E944-4A66-BC06-20EF6C6AF704}.ReleaseNuget|x86.Build.0 = ReleaseNuget|Any CPU
		{9CBA778A-7C02-46E5-9317-BDCA2B8D1EB6}.All|Any CPU.ActiveCfg = ReleaseNuget|Any CPU
		{9CBA778A-7C02-46E5-9317-BDCA2B8D1EB6}.All|Any CPU.Build.0 = ReleaseNuget|Any CPU
		{9CBA778A-7C02-46E5-9317-BDCA2B8D1EB6}.All|x86.ActiveCfg = ReleaseNuget|Any CPU
		{9CBA778A-7C02-46E5-9317-BDCA2B8D1EB6}.All|x86.Build.0 = ReleaseNuget|Any CPU
		{9CBA778A-7C02-46E5-9317-BDCA2B8D1EB6}.Debug|Any CPU.ActiveCfg = Debug|Any CPU
		{9CBA778A-7C02-46E5-9317-BDCA2B8D1EB6}.Debug|Any CPU.Build.0 = Debug|Any CPU
		{9CBA778A-7C02-46E5-9317-BDCA2B8D1EB6}.Debug|x86.ActiveCfg = Debug|x86
		{9CBA778A-7C02-46E5-9317-BDCA2B8D1EB6}.Debug|x86.Build.0 = Debug|x86
		{9CBA778A-7C02-46E5-9317-BDCA2B8D1EB6}.PrepInstaller|Any CPU.ActiveCfg = PrepInstaller|Any CPU
		{9CBA778A-7C02-46E5-9317-BDCA2B8D1EB6}.PrepInstaller|Any CPU.Build.0 = PrepInstaller|Any CPU
		{9CBA778A-7C02-46E5-9317-BDCA2B8D1EB6}.PrepInstaller|x86.ActiveCfg = PrepInstaller|Any CPU
		{9CBA778A-7C02-46E5-9317-BDCA2B8D1EB6}.PrepInstaller|x86.Build.0 = PrepInstaller|Any CPU
		{9CBA778A-7C02-46E5-9317-BDCA2B8D1EB6}.Release|Any CPU.ActiveCfg = Release|Any CPU
		{9CBA778A-7C02-46E5-9317-BDCA2B8D1EB6}.Release|Any CPU.Build.0 = Release|Any CPU
		{9CBA778A-7C02-46E5-9317-BDCA2B8D1EB6}.Release|x86.ActiveCfg = Release|Any CPU
		{9CBA778A-7C02-46E5-9317-BDCA2B8D1EB6}.Release|x86.Build.0 = Release|Any CPU
		{9CBA778A-7C02-46E5-9317-BDCA2B8D1EB6}.ReleaseNuget|Any CPU.ActiveCfg = ReleaseNuget|Any CPU
		{9CBA778A-7C02-46E5-9317-BDCA2B8D1EB6}.ReleaseNuget|Any CPU.Build.0 = ReleaseNuget|Any CPU
		{9CBA778A-7C02-46E5-9317-BDCA2B8D1EB6}.ReleaseNuget|x86.ActiveCfg = ReleaseNuget|Any CPU
		{9CBA778A-7C02-46E5-9317-BDCA2B8D1EB6}.ReleaseNuget|x86.Build.0 = ReleaseNuget|Any CPU
		{2E322CC8-173F-4806-A450-3DBE05430C5A}.All|Any CPU.ActiveCfg = ReleaseNuget|Any CPU
		{2E322CC8-173F-4806-A450-3DBE05430C5A}.All|Any CPU.Build.0 = ReleaseNuget|Any CPU
		{2E322CC8-173F-4806-A450-3DBE05430C5A}.All|x86.ActiveCfg = ReleaseNuget|Any CPU
		{2E322CC8-173F-4806-A450-3DBE05430C5A}.All|x86.Build.0 = ReleaseNuget|Any CPU
		{2E322CC8-173F-4806-A450-3DBE05430C5A}.Debug|Any CPU.ActiveCfg = Debug|Any CPU
		{2E322CC8-173F-4806-A450-3DBE05430C5A}.Debug|Any CPU.Build.0 = Debug|Any CPU
		{2E322CC8-173F-4806-A450-3DBE05430C5A}.Debug|x86.ActiveCfg = Debug|x86
		{2E322CC8-173F-4806-A450-3DBE05430C5A}.Debug|x86.Build.0 = Debug|x86
		{2E322CC8-173F-4806-A450-3DBE05430C5A}.PrepInstaller|Any CPU.ActiveCfg = PrepInstaller|Any CPU
		{2E322CC8-173F-4806-A450-3DBE05430C5A}.PrepInstaller|Any CPU.Build.0 = PrepInstaller|Any CPU
		{2E322CC8-173F-4806-A450-3DBE05430C5A}.PrepInstaller|x86.ActiveCfg = PrepInstaller|Any CPU
		{2E322CC8-173F-4806-A450-3DBE05430C5A}.PrepInstaller|x86.Build.0 = PrepInstaller|Any CPU
		{2E322CC8-173F-4806-A450-3DBE05430C5A}.Release|Any CPU.ActiveCfg = Release|Any CPU
		{2E322CC8-173F-4806-A450-3DBE05430C5A}.Release|Any CPU.Build.0 = Release|Any CPU
		{2E322CC8-173F-4806-A450-3DBE05430C5A}.Release|x86.ActiveCfg = Release|Any CPU
		{2E322CC8-173F-4806-A450-3DBE05430C5A}.Release|x86.Build.0 = Release|Any CPU
		{2E322CC8-173F-4806-A450-3DBE05430C5A}.ReleaseNuget|Any CPU.ActiveCfg = ReleaseNuget|Any CPU
		{2E322CC8-173F-4806-A450-3DBE05430C5A}.ReleaseNuget|Any CPU.Build.0 = ReleaseNuget|Any CPU
		{2E322CC8-173F-4806-A450-3DBE05430C5A}.ReleaseNuget|x86.ActiveCfg = ReleaseNuget|Any CPU
		{2E322CC8-173F-4806-A450-3DBE05430C5A}.ReleaseNuget|x86.Build.0 = ReleaseNuget|Any CPU
		{6ACBA332-838A-4BAD-ABAE-B50BCB069879}.All|Any CPU.ActiveCfg = ReleaseNuget|Any CPU
		{6ACBA332-838A-4BAD-ABAE-B50BCB069879}.All|Any CPU.Build.0 = ReleaseNuget|Any CPU
		{6ACBA332-838A-4BAD-ABAE-B50BCB069879}.All|x86.ActiveCfg = ReleaseNuget|Any CPU
		{6ACBA332-838A-4BAD-ABAE-B50BCB069879}.All|x86.Build.0 = ReleaseNuget|Any CPU
		{6ACBA332-838A-4BAD-ABAE-B50BCB069879}.Debug|Any CPU.ActiveCfg = Debug|Any CPU
		{6ACBA332-838A-4BAD-ABAE-B50BCB069879}.Debug|Any CPU.Build.0 = Debug|Any CPU
		{6ACBA332-838A-4BAD-ABAE-B50BCB069879}.Debug|x86.ActiveCfg = Debug|x86
		{6ACBA332-838A-4BAD-ABAE-B50BCB069879}.Debug|x86.Build.0 = Debug|x86
		{6ACBA332-838A-4BAD-ABAE-B50BCB069879}.PrepInstaller|Any CPU.ActiveCfg = PrepInstaller|Any CPU
		{6ACBA332-838A-4BAD-ABAE-B50BCB069879}.PrepInstaller|Any CPU.Build.0 = PrepInstaller|Any CPU
		{6ACBA332-838A-4BAD-ABAE-B50BCB069879}.PrepInstaller|x86.ActiveCfg = PrepInstaller|Any CPU
		{6ACBA332-838A-4BAD-ABAE-B50BCB069879}.PrepInstaller|x86.Build.0 = PrepInstaller|Any CPU
		{6ACBA332-838A-4BAD-ABAE-B50BCB069879}.Release|Any CPU.ActiveCfg = Release|Any CPU
		{6ACBA332-838A-4BAD-ABAE-B50BCB069879}.Release|Any CPU.Build.0 = Release|Any CPU
		{6ACBA332-838A-4BAD-ABAE-B50BCB069879}.Release|x86.ActiveCfg = Release|Any CPU
		{6ACBA332-838A-4BAD-ABAE-B50BCB069879}.Release|x86.Build.0 = Release|Any CPU
		{6ACBA332-838A-4BAD-ABAE-B50BCB069879}.ReleaseNuget|Any CPU.ActiveCfg = ReleaseNuget|Any CPU
		{6ACBA332-838A-4BAD-ABAE-B50BCB069879}.ReleaseNuget|Any CPU.Build.0 = ReleaseNuget|Any CPU
		{6ACBA332-838A-4BAD-ABAE-B50BCB069879}.ReleaseNuget|x86.ActiveCfg = ReleaseNuget|Any CPU
		{6ACBA332-838A-4BAD-ABAE-B50BCB069879}.ReleaseNuget|x86.Build.0 = ReleaseNuget|Any CPU
		{B3DBDC2F-7C6E-44E0-8F84-B991CDFFD4CC}.All|Any CPU.ActiveCfg = ReleaseNuget|Any CPU
		{B3DBDC2F-7C6E-44E0-8F84-B991CDFFD4CC}.All|Any CPU.Build.0 = ReleaseNuget|Any CPU
		{B3DBDC2F-7C6E-44E0-8F84-B991CDFFD4CC}.All|x86.ActiveCfg = ReleaseNuget|Any CPU
		{B3DBDC2F-7C6E-44E0-8F84-B991CDFFD4CC}.All|x86.Build.0 = ReleaseNuget|Any CPU
		{B3DBDC2F-7C6E-44E0-8F84-B991CDFFD4CC}.Debug|Any CPU.ActiveCfg = Debug|Any CPU
		{B3DBDC2F-7C6E-44E0-8F84-B991CDFFD4CC}.Debug|Any CPU.Build.0 = Debug|Any CPU
		{B3DBDC2F-7C6E-44E0-8F84-B991CDFFD4CC}.Debug|x86.ActiveCfg = Debug|x86
		{B3DBDC2F-7C6E-44E0-8F84-B991CDFFD4CC}.Debug|x86.Build.0 = Debug|x86
		{B3DBDC2F-7C6E-44E0-8F84-B991CDFFD4CC}.PrepInstaller|Any CPU.ActiveCfg = PrepInstaller|Any CPU
		{B3DBDC2F-7C6E-44E0-8F84-B991CDFFD4CC}.PrepInstaller|Any CPU.Build.0 = PrepInstaller|Any CPU
		{B3DBDC2F-7C6E-44E0-8F84-B991CDFFD4CC}.PrepInstaller|x86.ActiveCfg = PrepInstaller|Any CPU
		{B3DBDC2F-7C6E-44E0-8F84-B991CDFFD4CC}.PrepInstaller|x86.Build.0 = PrepInstaller|Any CPU
		{B3DBDC2F-7C6E-44E0-8F84-B991CDFFD4CC}.Release|Any CPU.ActiveCfg = Release|Any CPU
		{B3DBDC2F-7C6E-44E0-8F84-B991CDFFD4CC}.Release|Any CPU.Build.0 = Release|Any CPU
		{B3DBDC2F-7C6E-44E0-8F84-B991CDFFD4CC}.Release|x86.ActiveCfg = Release|Any CPU
		{B3DBDC2F-7C6E-44E0-8F84-B991CDFFD4CC}.Release|x86.Build.0 = Release|Any CPU
		{B3DBDC2F-7C6E-44E0-8F84-B991CDFFD4CC}.ReleaseNuget|Any CPU.ActiveCfg = ReleaseNuget|Any CPU
		{B3DBDC2F-7C6E-44E0-8F84-B991CDFFD4CC}.ReleaseNuget|Any CPU.Build.0 = ReleaseNuget|Any CPU
		{B3DBDC2F-7C6E-44E0-8F84-B991CDFFD4CC}.ReleaseNuget|x86.ActiveCfg = ReleaseNuget|Any CPU
		{B3DBDC2F-7C6E-44E0-8F84-B991CDFFD4CC}.ReleaseNuget|x86.Build.0 = ReleaseNuget|Any CPU
		{3FCE734C-B133-4BA7-A001-7F33B85D8BD5}.All|Any CPU.ActiveCfg = ReleaseNuget|Any CPU
		{3FCE734C-B133-4BA7-A001-7F33B85D8BD5}.All|Any CPU.Build.0 = ReleaseNuget|Any CPU
		{3FCE734C-B133-4BA7-A001-7F33B85D8BD5}.All|x86.ActiveCfg = ReleaseNuget|Any CPU
		{3FCE734C-B133-4BA7-A001-7F33B85D8BD5}.All|x86.Build.0 = ReleaseNuget|Any CPU
		{3FCE734C-B133-4BA7-A001-7F33B85D8BD5}.Debug|Any CPU.ActiveCfg = Debug|Any CPU
		{3FCE734C-B133-4BA7-A001-7F33B85D8BD5}.Debug|Any CPU.Build.0 = Debug|Any CPU
		{3FCE734C-B133-4BA7-A001-7F33B85D8BD5}.Debug|x86.ActiveCfg = Debug|x86
		{3FCE734C-B133-4BA7-A001-7F33B85D8BD5}.Debug|x86.Build.0 = Debug|x86
		{3FCE734C-B133-4BA7-A001-7F33B85D8BD5}.PrepInstaller|Any CPU.ActiveCfg = PrepInstaller|Any CPU
		{3FCE734C-B133-4BA7-A001-7F33B85D8BD5}.PrepInstaller|Any CPU.Build.0 = PrepInstaller|Any CPU
		{3FCE734C-B133-4BA7-A001-7F33B85D8BD5}.PrepInstaller|x86.ActiveCfg = PrepInstaller|Any CPU
		{3FCE734C-B133-4BA7-A001-7F33B85D8BD5}.PrepInstaller|x86.Build.0 = PrepInstaller|Any CPU
		{3FCE734C-B133-4BA7-A001-7F33B85D8BD5}.Release|Any CPU.ActiveCfg = Release|Any CPU
		{3FCE734C-B133-4BA7-A001-7F33B85D8BD5}.Release|Any CPU.Build.0 = Release|Any CPU
		{3FCE734C-B133-4BA7-A001-7F33B85D8BD5}.Release|x86.ActiveCfg = Release|Any CPU
		{3FCE734C-B133-4BA7-A001-7F33B85D8BD5}.Release|x86.Build.0 = Release|Any CPU
		{3FCE734C-B133-4BA7-A001-7F33B85D8BD5}.ReleaseNuget|Any CPU.ActiveCfg = ReleaseNuget|Any CPU
		{3FCE734C-B133-4BA7-A001-7F33B85D8BD5}.ReleaseNuget|Any CPU.Build.0 = ReleaseNuget|Any CPU
		{3FCE734C-B133-4BA7-A001-7F33B85D8BD5}.ReleaseNuget|x86.ActiveCfg = ReleaseNuget|Any CPU
		{3FCE734C-B133-4BA7-A001-7F33B85D8BD5}.ReleaseNuget|x86.Build.0 = ReleaseNuget|Any CPU
		{4B5DE0E1-2F0A-426D-BB12-BECB0F6F8B51}.All|Any CPU.ActiveCfg = ReleaseNuget|Any CPU
		{4B5DE0E1-2F0A-426D-BB12-BECB0F6F8B51}.All|Any CPU.Build.0 = ReleaseNuget|Any CPU
		{4B5DE0E1-2F0A-426D-BB12-BECB0F6F8B51}.All|x86.ActiveCfg = ReleaseNuget|Any CPU
		{4B5DE0E1-2F0A-426D-BB12-BECB0F6F8B51}.All|x86.Build.0 = ReleaseNuget|Any CPU
		{4B5DE0E1-2F0A-426D-BB12-BECB0F6F8B51}.Debug|Any CPU.ActiveCfg = Debug|Any CPU
		{4B5DE0E1-2F0A-426D-BB12-BECB0F6F8B51}.Debug|Any CPU.Build.0 = Debug|Any CPU
		{4B5DE0E1-2F0A-426D-BB12-BECB0F6F8B51}.Debug|x86.ActiveCfg = Debug|x86
		{4B5DE0E1-2F0A-426D-BB12-BECB0F6F8B51}.Debug|x86.Build.0 = Debug|x86
		{4B5DE0E1-2F0A-426D-BB12-BECB0F6F8B51}.PrepInstaller|Any CPU.ActiveCfg = PrepInstaller|Any CPU
		{4B5DE0E1-2F0A-426D-BB12-BECB0F6F8B51}.PrepInstaller|Any CPU.Build.0 = PrepInstaller|Any CPU
		{4B5DE0E1-2F0A-426D-BB12-BECB0F6F8B51}.PrepInstaller|x86.ActiveCfg = PrepInstaller|Any CPU
		{4B5DE0E1-2F0A-426D-BB12-BECB0F6F8B51}.PrepInstaller|x86.Build.0 = PrepInstaller|Any CPU
		{4B5DE0E1-2F0A-426D-BB12-BECB0F6F8B51}.Release|Any CPU.ActiveCfg = Release|Any CPU
		{4B5DE0E1-2F0A-426D-BB12-BECB0F6F8B51}.Release|Any CPU.Build.0 = Release|Any CPU
		{4B5DE0E1-2F0A-426D-BB12-BECB0F6F8B51}.Release|x86.ActiveCfg = Release|Any CPU
		{4B5DE0E1-2F0A-426D-BB12-BECB0F6F8B51}.Release|x86.Build.0 = Release|Any CPU
		{4B5DE0E1-2F0A-426D-BB12-BECB0F6F8B51}.ReleaseNuget|Any CPU.ActiveCfg = ReleaseNuget|Any CPU
		{4B5DE0E1-2F0A-426D-BB12-BECB0F6F8B51}.ReleaseNuget|Any CPU.Build.0 = ReleaseNuget|Any CPU
		{4B5DE0E1-2F0A-426D-BB12-BECB0F6F8B51}.ReleaseNuget|x86.ActiveCfg = ReleaseNuget|Any CPU
		{4B5DE0E1-2F0A-426D-BB12-BECB0F6F8B51}.ReleaseNuget|x86.Build.0 = ReleaseNuget|Any CPU
		{E6F0AB4D-6926-41AE-AD25-2DDA26D9642E}.All|Any CPU.ActiveCfg = ReleaseNuget|Any CPU
		{E6F0AB4D-6926-41AE-AD25-2DDA26D9642E}.All|Any CPU.Build.0 = ReleaseNuget|Any CPU
		{E6F0AB4D-6926-41AE-AD25-2DDA26D9642E}.All|x86.ActiveCfg = ReleaseNuget|Any CPU
		{E6F0AB4D-6926-41AE-AD25-2DDA26D9642E}.All|x86.Build.0 = ReleaseNuget|Any CPU
		{E6F0AB4D-6926-41AE-AD25-2DDA26D9642E}.Debug|Any CPU.ActiveCfg = Debug|Any CPU
		{E6F0AB4D-6926-41AE-AD25-2DDA26D9642E}.Debug|Any CPU.Build.0 = Debug|Any CPU
		{E6F0AB4D-6926-41AE-AD25-2DDA26D9642E}.Debug|x86.ActiveCfg = Debug|x86
		{E6F0AB4D-6926-41AE-AD25-2DDA26D9642E}.Debug|x86.Build.0 = Debug|x86
		{E6F0AB4D-6926-41AE-AD25-2DDA26D9642E}.PrepInstaller|Any CPU.ActiveCfg = PrepInstaller|Any CPU
		{E6F0AB4D-6926-41AE-AD25-2DDA26D9642E}.PrepInstaller|Any CPU.Build.0 = PrepInstaller|Any CPU
		{E6F0AB4D-6926-41AE-AD25-2DDA26D9642E}.PrepInstaller|x86.ActiveCfg = PrepInstaller|Any CPU
		{E6F0AB4D-6926-41AE-AD25-2DDA26D9642E}.PrepInstaller|x86.Build.0 = PrepInstaller|Any CPU
		{E6F0AB4D-6926-41AE-AD25-2DDA26D9642E}.Release|Any CPU.ActiveCfg = Release|Any CPU
		{E6F0AB4D-6926-41AE-AD25-2DDA26D9642E}.Release|Any CPU.Build.0 = Release|Any CPU
		{E6F0AB4D-6926-41AE-AD25-2DDA26D9642E}.Release|x86.ActiveCfg = Release|Any CPU
		{E6F0AB4D-6926-41AE-AD25-2DDA26D9642E}.Release|x86.Build.0 = Release|Any CPU
		{E6F0AB4D-6926-41AE-AD25-2DDA26D9642E}.ReleaseNuget|Any CPU.ActiveCfg = ReleaseNuget|Any CPU
		{E6F0AB4D-6926-41AE-AD25-2DDA26D9642E}.ReleaseNuget|Any CPU.Build.0 = ReleaseNuget|Any CPU
		{E6F0AB4D-6926-41AE-AD25-2DDA26D9642E}.ReleaseNuget|x86.ActiveCfg = ReleaseNuget|Any CPU
		{E6F0AB4D-6926-41AE-AD25-2DDA26D9642E}.ReleaseNuget|x86.Build.0 = ReleaseNuget|Any CPU
		{9A2A4A46-8483-4597-8ECB-C7E6EA91AB4A}.All|Any CPU.ActiveCfg = ReleaseNuget|Any CPU
		{9A2A4A46-8483-4597-8ECB-C7E6EA91AB4A}.All|Any CPU.Build.0 = ReleaseNuget|Any CPU
		{9A2A4A46-8483-4597-8ECB-C7E6EA91AB4A}.All|x86.ActiveCfg = ReleaseNuget|Any CPU
		{9A2A4A46-8483-4597-8ECB-C7E6EA91AB4A}.All|x86.Build.0 = ReleaseNuget|Any CPU
		{9A2A4A46-8483-4597-8ECB-C7E6EA91AB4A}.Debug|Any CPU.ActiveCfg = Debug|Any CPU
		{9A2A4A46-8483-4597-8ECB-C7E6EA91AB4A}.Debug|Any CPU.Build.0 = Debug|Any CPU
		{9A2A4A46-8483-4597-8ECB-C7E6EA91AB4A}.Debug|x86.ActiveCfg = Debug|x86
		{9A2A4A46-8483-4597-8ECB-C7E6EA91AB4A}.Debug|x86.Build.0 = Debug|x86
		{9A2A4A46-8483-4597-8ECB-C7E6EA91AB4A}.PrepInstaller|Any CPU.ActiveCfg = PrepInstaller|Any CPU
		{9A2A4A46-8483-4597-8ECB-C7E6EA91AB4A}.PrepInstaller|Any CPU.Build.0 = PrepInstaller|Any CPU
		{9A2A4A46-8483-4597-8ECB-C7E6EA91AB4A}.PrepInstaller|x86.ActiveCfg = PrepInstaller|Any CPU
		{9A2A4A46-8483-4597-8ECB-C7E6EA91AB4A}.PrepInstaller|x86.Build.0 = PrepInstaller|Any CPU
		{9A2A4A46-8483-4597-8ECB-C7E6EA91AB4A}.Release|Any CPU.ActiveCfg = Release|Any CPU
		{9A2A4A46-8483-4597-8ECB-C7E6EA91AB4A}.Release|Any CPU.Build.0 = Release|Any CPU
		{9A2A4A46-8483-4597-8ECB-C7E6EA91AB4A}.Release|x86.ActiveCfg = Release|Any CPU
		{9A2A4A46-8483-4597-8ECB-C7E6EA91AB4A}.Release|x86.Build.0 = Release|Any CPU
		{9A2A4A46-8483-4597-8ECB-C7E6EA91AB4A}.ReleaseNuget|Any CPU.ActiveCfg = ReleaseNuget|Any CPU
		{9A2A4A46-8483-4597-8ECB-C7E6EA91AB4A}.ReleaseNuget|Any CPU.Build.0 = ReleaseNuget|Any CPU
		{9A2A4A46-8483-4597-8ECB-C7E6EA91AB4A}.ReleaseNuget|x86.ActiveCfg = ReleaseNuget|Any CPU
		{9A2A4A46-8483-4597-8ECB-C7E6EA91AB4A}.ReleaseNuget|x86.Build.0 = ReleaseNuget|Any CPU
		{254ECB41-E179-4C23-A434-DF101AF83A18}.All|Any CPU.ActiveCfg = ReleaseNuget|Any CPU
		{254ECB41-E179-4C23-A434-DF101AF83A18}.All|Any CPU.Build.0 = ReleaseNuget|Any CPU
		{254ECB41-E179-4C23-A434-DF101AF83A18}.All|x86.ActiveCfg = ReleaseNuget|Any CPU
		{254ECB41-E179-4C23-A434-DF101AF83A18}.All|x86.Build.0 = ReleaseNuget|Any CPU
		{254ECB41-E179-4C23-A434-DF101AF83A18}.Debug|Any CPU.ActiveCfg = Debug|Any CPU
		{254ECB41-E179-4C23-A434-DF101AF83A18}.Debug|Any CPU.Build.0 = Debug|Any CPU
		{254ECB41-E179-4C23-A434-DF101AF83A18}.Debug|x86.ActiveCfg = Debug|x86
		{254ECB41-E179-4C23-A434-DF101AF83A18}.Debug|x86.Build.0 = Debug|x86
		{254ECB41-E179-4C23-A434-DF101AF83A18}.PrepInstaller|Any CPU.ActiveCfg = PrepInstaller|Any CPU
		{254ECB41-E179-4C23-A434-DF101AF83A18}.PrepInstaller|Any CPU.Build.0 = PrepInstaller|Any CPU
		{254ECB41-E179-4C23-A434-DF101AF83A18}.PrepInstaller|x86.ActiveCfg = PrepInstaller|Any CPU
		{254ECB41-E179-4C23-A434-DF101AF83A18}.PrepInstaller|x86.Build.0 = PrepInstaller|Any CPU
		{254ECB41-E179-4C23-A434-DF101AF83A18}.Release|Any CPU.ActiveCfg = Release|Any CPU
		{254ECB41-E179-4C23-A434-DF101AF83A18}.Release|Any CPU.Build.0 = Release|Any CPU
		{254ECB41-E179-4C23-A434-DF101AF83A18}.Release|x86.ActiveCfg = Release|Any CPU
		{254ECB41-E179-4C23-A434-DF101AF83A18}.Release|x86.Build.0 = Release|Any CPU
		{254ECB41-E179-4C23-A434-DF101AF83A18}.ReleaseNuget|Any CPU.ActiveCfg = ReleaseNuget|Any CPU
		{254ECB41-E179-4C23-A434-DF101AF83A18}.ReleaseNuget|Any CPU.Build.0 = ReleaseNuget|Any CPU
		{254ECB41-E179-4C23-A434-DF101AF83A18}.ReleaseNuget|x86.ActiveCfg = ReleaseNuget|Any CPU
		{254ECB41-E179-4C23-A434-DF101AF83A18}.ReleaseNuget|x86.Build.0 = ReleaseNuget|Any CPU
		{4FC52354-5012-4A44-89A0-79ECC65CC730}.All|Any CPU.ActiveCfg = ReleaseNuget|Any CPU
		{4FC52354-5012-4A44-89A0-79ECC65CC730}.All|Any CPU.Build.0 = ReleaseNuget|Any CPU
		{4FC52354-5012-4A44-89A0-79ECC65CC730}.All|x86.ActiveCfg = ReleaseNuget|Any CPU
		{4FC52354-5012-4A44-89A0-79ECC65CC730}.All|x86.Build.0 = ReleaseNuget|Any CPU
		{4FC52354-5012-4A44-89A0-79ECC65CC730}.Debug|Any CPU.ActiveCfg = Debug|Any CPU
		{4FC52354-5012-4A44-89A0-79ECC65CC730}.Debug|Any CPU.Build.0 = Debug|Any CPU
		{4FC52354-5012-4A44-89A0-79ECC65CC730}.Debug|x86.ActiveCfg = Debug|x86
		{4FC52354-5012-4A44-89A0-79ECC65CC730}.Debug|x86.Build.0 = Debug|x86
		{4FC52354-5012-4A44-89A0-79ECC65CC730}.PrepInstaller|Any CPU.ActiveCfg = PrepInstaller|Any CPU
		{4FC52354-5012-4A44-89A0-79ECC65CC730}.PrepInstaller|Any CPU.Build.0 = PrepInstaller|Any CPU
		{4FC52354-5012-4A44-89A0-79ECC65CC730}.PrepInstaller|x86.ActiveCfg = PrepInstaller|Any CPU
		{4FC52354-5012-4A44-89A0-79ECC65CC730}.PrepInstaller|x86.Build.0 = PrepInstaller|Any CPU
		{4FC52354-5012-4A44-89A0-79ECC65CC730}.Release|Any CPU.ActiveCfg = Release|Any CPU
		{4FC52354-5012-4A44-89A0-79ECC65CC730}.Release|Any CPU.Build.0 = Release|Any CPU
		{4FC52354-5012-4A44-89A0-79ECC65CC730}.Release|x86.ActiveCfg = Release|Any CPU
		{4FC52354-5012-4A44-89A0-79ECC65CC730}.Release|x86.Build.0 = Release|Any CPU
		{4FC52354-5012-4A44-89A0-79ECC65CC730}.ReleaseNuget|Any CPU.ActiveCfg = ReleaseNuget|Any CPU
		{4FC52354-5012-4A44-89A0-79ECC65CC730}.ReleaseNuget|Any CPU.Build.0 = ReleaseNuget|Any CPU
		{4FC52354-5012-4A44-89A0-79ECC65CC730}.ReleaseNuget|x86.ActiveCfg = ReleaseNuget|Any CPU
		{4FC52354-5012-4A44-89A0-79ECC65CC730}.ReleaseNuget|x86.Build.0 = ReleaseNuget|Any CPU
		{15F71CA0-8EB5-4A51-8A7F-F0414F774854}.All|Any CPU.ActiveCfg = ReleaseNuget|Any CPU
		{15F71CA0-8EB5-4A51-8A7F-F0414F774854}.All|Any CPU.Build.0 = ReleaseNuget|Any CPU
		{15F71CA0-8EB5-4A51-8A7F-F0414F774854}.All|x86.ActiveCfg = ReleaseNuget|Any CPU
		{15F71CA0-8EB5-4A51-8A7F-F0414F774854}.All|x86.Build.0 = ReleaseNuget|Any CPU
		{15F71CA0-8EB5-4A51-8A7F-F0414F774854}.Debug|Any CPU.ActiveCfg = Debug|Any CPU
		{15F71CA0-8EB5-4A51-8A7F-F0414F774854}.Debug|Any CPU.Build.0 = Debug|Any CPU
		{15F71CA0-8EB5-4A51-8A7F-F0414F774854}.Debug|x86.ActiveCfg = Debug|x86
		{15F71CA0-8EB5-4A51-8A7F-F0414F774854}.Debug|x86.Build.0 = Debug|x86
		{15F71CA0-8EB5-4A51-8A7F-F0414F774854}.PrepInstaller|Any CPU.ActiveCfg = PrepInstaller|Any CPU
		{15F71CA0-8EB5-4A51-8A7F-F0414F774854}.PrepInstaller|Any CPU.Build.0 = PrepInstaller|Any CPU
		{15F71CA0-8EB5-4A51-8A7F-F0414F774854}.PrepInstaller|x86.ActiveCfg = PrepInstaller|Any CPU
		{15F71CA0-8EB5-4A51-8A7F-F0414F774854}.PrepInstaller|x86.Build.0 = PrepInstaller|Any CPU
		{15F71CA0-8EB5-4A51-8A7F-F0414F774854}.Release|Any CPU.ActiveCfg = Release|Any CPU
		{15F71CA0-8EB5-4A51-8A7F-F0414F774854}.Release|Any CPU.Build.0 = Release|Any CPU
		{15F71CA0-8EB5-4A51-8A7F-F0414F774854}.Release|x86.ActiveCfg = Release|Any CPU
		{15F71CA0-8EB5-4A51-8A7F-F0414F774854}.Release|x86.Build.0 = Release|Any CPU
		{15F71CA0-8EB5-4A51-8A7F-F0414F774854}.ReleaseNuget|Any CPU.ActiveCfg = ReleaseNuget|Any CPU
		{15F71CA0-8EB5-4A51-8A7F-F0414F774854}.ReleaseNuget|Any CPU.Build.0 = ReleaseNuget|Any CPU
		{15F71CA0-8EB5-4A51-8A7F-F0414F774854}.ReleaseNuget|x86.ActiveCfg = ReleaseNuget|Any CPU
		{15F71CA0-8EB5-4A51-8A7F-F0414F774854}.ReleaseNuget|x86.Build.0 = ReleaseNuget|Any CPU
		{A81145BC-37F1-42E4-B3CB-5221E08BB222}.All|Any CPU.ActiveCfg = ReleaseNuget|Any CPU
		{A81145BC-37F1-42E4-B3CB-5221E08BB222}.All|Any CPU.Build.0 = ReleaseNuget|Any CPU
		{A81145BC-37F1-42E4-B3CB-5221E08BB222}.All|x86.ActiveCfg = ReleaseNuget|Any CPU
		{A81145BC-37F1-42E4-B3CB-5221E08BB222}.All|x86.Build.0 = ReleaseNuget|Any CPU
		{A81145BC-37F1-42E4-B3CB-5221E08BB222}.Debug|Any CPU.ActiveCfg = Debug|Any CPU
		{A81145BC-37F1-42E4-B3CB-5221E08BB222}.Debug|Any CPU.Build.0 = Debug|Any CPU
		{A81145BC-37F1-42E4-B3CB-5221E08BB222}.Debug|x86.ActiveCfg = Debug|x86
		{A81145BC-37F1-42E4-B3CB-5221E08BB222}.Debug|x86.Build.0 = Debug|x86
		{A81145BC-37F1-42E4-B3CB-5221E08BB222}.PrepInstaller|Any CPU.ActiveCfg = PrepInstaller|Any CPU
		{A81145BC-37F1-42E4-B3CB-5221E08BB222}.PrepInstaller|Any CPU.Build.0 = PrepInstaller|Any CPU
		{A81145BC-37F1-42E4-B3CB-5221E08BB222}.PrepInstaller|x86.ActiveCfg = PrepInstaller|Any CPU
		{A81145BC-37F1-42E4-B3CB-5221E08BB222}.PrepInstaller|x86.Build.0 = PrepInstaller|Any CPU
		{A81145BC-37F1-42E4-B3CB-5221E08BB222}.Release|Any CPU.ActiveCfg = Release|Any CPU
		{A81145BC-37F1-42E4-B3CB-5221E08BB222}.Release|Any CPU.Build.0 = Release|Any CPU
		{A81145BC-37F1-42E4-B3CB-5221E08BB222}.Release|x86.ActiveCfg = Release|Any CPU
		{A81145BC-37F1-42E4-B3CB-5221E08BB222}.Release|x86.Build.0 = Release|Any CPU
		{A81145BC-37F1-42E4-B3CB-5221E08BB222}.ReleaseNuget|Any CPU.ActiveCfg = ReleaseNuget|Any CPU
		{A81145BC-37F1-42E4-B3CB-5221E08BB222}.ReleaseNuget|Any CPU.Build.0 = ReleaseNuget|Any CPU
		{A81145BC-37F1-42E4-B3CB-5221E08BB222}.ReleaseNuget|x86.ActiveCfg = ReleaseNuget|Any CPU
		{A81145BC-37F1-42E4-B3CB-5221E08BB222}.ReleaseNuget|x86.Build.0 = ReleaseNuget|Any CPU
		{A71E984D-180B-4EE3-85C1-86F3937A2B0F}.All|Any CPU.ActiveCfg = ReleaseNuget|Any CPU
		{A71E984D-180B-4EE3-85C1-86F3937A2B0F}.All|Any CPU.Build.0 = ReleaseNuget|Any CPU
		{A71E984D-180B-4EE3-85C1-86F3937A2B0F}.All|x86.ActiveCfg = ReleaseNuget|Any CPU
		{A71E984D-180B-4EE3-85C1-86F3937A2B0F}.All|x86.Build.0 = ReleaseNuget|Any CPU
		{A71E984D-180B-4EE3-85C1-86F3937A2B0F}.Debug|Any CPU.ActiveCfg = Debug|Any CPU
		{A71E984D-180B-4EE3-85C1-86F3937A2B0F}.Debug|Any CPU.Build.0 = Debug|Any CPU
		{A71E984D-180B-4EE3-85C1-86F3937A2B0F}.Debug|x86.ActiveCfg = Debug|x86
		{A71E984D-180B-4EE3-85C1-86F3937A2B0F}.Debug|x86.Build.0 = Debug|x86
		{A71E984D-180B-4EE3-85C1-86F3937A2B0F}.PrepInstaller|Any CPU.ActiveCfg = PrepInstaller|Any CPU
		{A71E984D-180B-4EE3-85C1-86F3937A2B0F}.PrepInstaller|Any CPU.Build.0 = PrepInstaller|Any CPU
		{A71E984D-180B-4EE3-85C1-86F3937A2B0F}.PrepInstaller|x86.ActiveCfg = PrepInstaller|Any CPU
		{A71E984D-180B-4EE3-85C1-86F3937A2B0F}.PrepInstaller|x86.Build.0 = PrepInstaller|Any CPU
		{A71E984D-180B-4EE3-85C1-86F3937A2B0F}.Release|Any CPU.ActiveCfg = Release|Any CPU
		{A71E984D-180B-4EE3-85C1-86F3937A2B0F}.Release|Any CPU.Build.0 = Release|Any CPU
		{A71E984D-180B-4EE3-85C1-86F3937A2B0F}.Release|x86.ActiveCfg = Release|Any CPU
		{A71E984D-180B-4EE3-85C1-86F3937A2B0F}.Release|x86.Build.0 = Release|Any CPU
		{A71E984D-180B-4EE3-85C1-86F3937A2B0F}.ReleaseNuget|Any CPU.ActiveCfg = ReleaseNuget|Any CPU
		{A71E984D-180B-4EE3-85C1-86F3937A2B0F}.ReleaseNuget|Any CPU.Build.0 = ReleaseNuget|Any CPU
		{A71E984D-180B-4EE3-85C1-86F3937A2B0F}.ReleaseNuget|x86.ActiveCfg = ReleaseNuget|Any CPU
		{A71E984D-180B-4EE3-85C1-86F3937A2B0F}.ReleaseNuget|x86.Build.0 = ReleaseNuget|Any CPU
		{1AFAEDFC-13BF-40BF-AFF3-FD50FB5193D9}.All|Any CPU.ActiveCfg = ReleaseNuget|Any CPU
		{1AFAEDFC-13BF-40BF-AFF3-FD50FB5193D9}.All|Any CPU.Build.0 = ReleaseNuget|Any CPU
		{1AFAEDFC-13BF-40BF-AFF3-FD50FB5193D9}.All|x86.ActiveCfg = ReleaseNuget|Any CPU
		{1AFAEDFC-13BF-40BF-AFF3-FD50FB5193D9}.All|x86.Build.0 = ReleaseNuget|Any CPU
		{1AFAEDFC-13BF-40BF-AFF3-FD50FB5193D9}.Debug|Any CPU.ActiveCfg = Debug|Any CPU
		{1AFAEDFC-13BF-40BF-AFF3-FD50FB5193D9}.Debug|Any CPU.Build.0 = Debug|Any CPU
		{1AFAEDFC-13BF-40BF-AFF3-FD50FB5193D9}.Debug|x86.ActiveCfg = Debug|x86
		{1AFAEDFC-13BF-40BF-AFF3-FD50FB5193D9}.Debug|x86.Build.0 = Debug|x86
		{1AFAEDFC-13BF-40BF-AFF3-FD50FB5193D9}.PrepInstaller|Any CPU.ActiveCfg = PrepInstaller|Any CPU
		{1AFAEDFC-13BF-40BF-AFF3-FD50FB5193D9}.PrepInstaller|Any CPU.Build.0 = PrepInstaller|Any CPU
		{1AFAEDFC-13BF-40BF-AFF3-FD50FB5193D9}.PrepInstaller|x86.ActiveCfg = PrepInstaller|Any CPU
		{1AFAEDFC-13BF-40BF-AFF3-FD50FB5193D9}.PrepInstaller|x86.Build.0 = PrepInstaller|Any CPU
		{1AFAEDFC-13BF-40BF-AFF3-FD50FB5193D9}.Release|Any CPU.ActiveCfg = Release|Any CPU
		{1AFAEDFC-13BF-40BF-AFF3-FD50FB5193D9}.Release|Any CPU.Build.0 = Release|Any CPU
		{1AFAEDFC-13BF-40BF-AFF3-FD50FB5193D9}.Release|x86.ActiveCfg = Release|Any CPU
		{1AFAEDFC-13BF-40BF-AFF3-FD50FB5193D9}.Release|x86.Build.0 = Release|Any CPU
		{1AFAEDFC-13BF-40BF-AFF3-FD50FB5193D9}.ReleaseNuget|Any CPU.ActiveCfg = ReleaseNuget|Any CPU
		{1AFAEDFC-13BF-40BF-AFF3-FD50FB5193D9}.ReleaseNuget|Any CPU.Build.0 = ReleaseNuget|Any CPU
		{1AFAEDFC-13BF-40BF-AFF3-FD50FB5193D9}.ReleaseNuget|x86.ActiveCfg = ReleaseNuget|Any CPU
		{1AFAEDFC-13BF-40BF-AFF3-FD50FB5193D9}.ReleaseNuget|x86.Build.0 = ReleaseNuget|Any CPU
		{B42506D3-469E-4283-95EF-95A580ADA86E}.All|Any CPU.ActiveCfg = ReleaseNuget|Any CPU
		{B42506D3-469E-4283-95EF-95A580ADA86E}.All|Any CPU.Build.0 = ReleaseNuget|Any CPU
		{B42506D3-469E-4283-95EF-95A580ADA86E}.All|x86.ActiveCfg = ReleaseNuget|Any CPU
		{B42506D3-469E-4283-95EF-95A580ADA86E}.All|x86.Build.0 = ReleaseNuget|Any CPU
		{B42506D3-469E-4283-95EF-95A580ADA86E}.Debug|Any CPU.ActiveCfg = Debug|Any CPU
		{B42506D3-469E-4283-95EF-95A580ADA86E}.Debug|Any CPU.Build.0 = Debug|Any CPU
		{B42506D3-469E-4283-95EF-95A580ADA86E}.Debug|x86.ActiveCfg = Debug|x86
		{B42506D3-469E-4283-95EF-95A580ADA86E}.Debug|x86.Build.0 = Debug|x86
		{B42506D3-469E-4283-95EF-95A580ADA86E}.PrepInstaller|Any CPU.ActiveCfg = PrepInstaller|Any CPU
		{B42506D3-469E-4283-95EF-95A580ADA86E}.PrepInstaller|Any CPU.Build.0 = PrepInstaller|Any CPU
		{B42506D3-469E-4283-95EF-95A580ADA86E}.PrepInstaller|x86.ActiveCfg = PrepInstaller|Any CPU
		{B42506D3-469E-4283-95EF-95A580ADA86E}.PrepInstaller|x86.Build.0 = PrepInstaller|Any CPU
		{B42506D3-469E-4283-95EF-95A580ADA86E}.Release|Any CPU.ActiveCfg = Release|Any CPU
		{B42506D3-469E-4283-95EF-95A580ADA86E}.Release|Any CPU.Build.0 = Release|Any CPU
		{B42506D3-469E-4283-95EF-95A580ADA86E}.Release|x86.ActiveCfg = Release|Any CPU
		{B42506D3-469E-4283-95EF-95A580ADA86E}.Release|x86.Build.0 = Release|Any CPU
		{B42506D3-469E-4283-95EF-95A580ADA86E}.ReleaseNuget|Any CPU.ActiveCfg = ReleaseNuget|Any CPU
		{B42506D3-469E-4283-95EF-95A580ADA86E}.ReleaseNuget|Any CPU.Build.0 = ReleaseNuget|Any CPU
		{B42506D3-469E-4283-95EF-95A580ADA86E}.ReleaseNuget|x86.ActiveCfg = ReleaseNuget|Any CPU
		{B42506D3-469E-4283-95EF-95A580ADA86E}.ReleaseNuget|x86.Build.0 = ReleaseNuget|Any CPU
		{52AF10F7-DCF9-4E1D-B4DD-331456671118}.All|Any CPU.ActiveCfg = Release|x86
		{52AF10F7-DCF9-4E1D-B4DD-331456671118}.All|Any CPU.Build.0 = Release|x86
		{52AF10F7-DCF9-4E1D-B4DD-331456671118}.All|x86.ActiveCfg = Release|x86
		{52AF10F7-DCF9-4E1D-B4DD-331456671118}.All|x86.Build.0 = Release|x86
		{52AF10F7-DCF9-4E1D-B4DD-331456671118}.Debug|Any CPU.ActiveCfg = Debug|x86
		{52AF10F7-DCF9-4E1D-B4DD-331456671118}.Debug|x86.ActiveCfg = Debug|x86
		{52AF10F7-DCF9-4E1D-B4DD-331456671118}.Debug|x86.Build.0 = Debug|x86
		{52AF10F7-DCF9-4E1D-B4DD-331456671118}.PrepInstaller|Any CPU.ActiveCfg = Release|x86
		{52AF10F7-DCF9-4E1D-B4DD-331456671118}.PrepInstaller|Any CPU.Build.0 = Release|x86
		{52AF10F7-DCF9-4E1D-B4DD-331456671118}.PrepInstaller|x86.ActiveCfg = Release|x86
		{52AF10F7-DCF9-4E1D-B4DD-331456671118}.PrepInstaller|x86.Build.0 = Release|x86
		{52AF10F7-DCF9-4E1D-B4DD-331456671118}.Release|Any CPU.ActiveCfg = Release|x86
		{52AF10F7-DCF9-4E1D-B4DD-331456671118}.Release|x86.ActiveCfg = Release|x86
		{52AF10F7-DCF9-4E1D-B4DD-331456671118}.Release|x86.Build.0 = Release|x86
		{52AF10F7-DCF9-4E1D-B4DD-331456671118}.ReleaseNuget|Any CPU.ActiveCfg = Release|x86
		{52AF10F7-DCF9-4E1D-B4DD-331456671118}.ReleaseNuget|Any CPU.Build.0 = Release|x86
		{52AF10F7-DCF9-4E1D-B4DD-331456671118}.ReleaseNuget|x86.ActiveCfg = Release|x86
		{52AF10F7-DCF9-4E1D-B4DD-331456671118}.ReleaseNuget|x86.Build.0 = Release|x86
		{70E2E351-AC0D-486D-B357-B890EF20D1C8}.All|Any CPU.ActiveCfg = Release|x86
		{70E2E351-AC0D-486D-B357-B890EF20D1C8}.All|Any CPU.Build.0 = Release|x86
		{70E2E351-AC0D-486D-B357-B890EF20D1C8}.All|x86.ActiveCfg = Release|x86
		{70E2E351-AC0D-486D-B357-B890EF20D1C8}.All|x86.Build.0 = Release|x86
		{70E2E351-AC0D-486D-B357-B890EF20D1C8}.Debug|Any CPU.ActiveCfg = Debug|x86
		{70E2E351-AC0D-486D-B357-B890EF20D1C8}.Debug|x86.ActiveCfg = Debug|x86
		{70E2E351-AC0D-486D-B357-B890EF20D1C8}.Debug|x86.Build.0 = Debug|x86
		{70E2E351-AC0D-486D-B357-B890EF20D1C8}.PrepInstaller|Any CPU.ActiveCfg = Release|x86
		{70E2E351-AC0D-486D-B357-B890EF20D1C8}.PrepInstaller|x86.ActiveCfg = Release|x86
		{70E2E351-AC0D-486D-B357-B890EF20D1C8}.PrepInstaller|x86.Build.0 = Release|x86
		{70E2E351-AC0D-486D-B357-B890EF20D1C8}.Release|Any CPU.ActiveCfg = Release|x86
		{70E2E351-AC0D-486D-B357-B890EF20D1C8}.Release|x86.ActiveCfg = Release|x86
		{70E2E351-AC0D-486D-B357-B890EF20D1C8}.Release|x86.Build.0 = Release|x86
		{70E2E351-AC0D-486D-B357-B890EF20D1C8}.ReleaseNuget|Any CPU.ActiveCfg = Release|x86
		{70E2E351-AC0D-486D-B357-B890EF20D1C8}.ReleaseNuget|Any CPU.Build.0 = Release|x86
		{70E2E351-AC0D-486D-B357-B890EF20D1C8}.ReleaseNuget|x86.ActiveCfg = Release|x86
		{70E2E351-AC0D-486D-B357-B890EF20D1C8}.ReleaseNuget|x86.Build.0 = Release|x86
		{9AD1E19B-D311-4484-B147-7DC2FAD484B4}.All|Any CPU.ActiveCfg = Release|Any CPU
		{9AD1E19B-D311-4484-B147-7DC2FAD484B4}.All|Any CPU.Build.0 = Release|Any CPU
		{9AD1E19B-D311-4484-B147-7DC2FAD484B4}.All|x86.ActiveCfg = Release|Any CPU
		{9AD1E19B-D311-4484-B147-7DC2FAD484B4}.All|x86.Build.0 = Release|Any CPU
		{9AD1E19B-D311-4484-B147-7DC2FAD484B4}.Debug|Any CPU.ActiveCfg = Debug|Any CPU
		{9AD1E19B-D311-4484-B147-7DC2FAD484B4}.Debug|Any CPU.Build.0 = Debug|Any CPU
		{9AD1E19B-D311-4484-B147-7DC2FAD484B4}.Debug|x86.ActiveCfg = Debug|x86
		{9AD1E19B-D311-4484-B147-7DC2FAD484B4}.Debug|x86.Build.0 = Debug|x86
		{9AD1E19B-D311-4484-B147-7DC2FAD484B4}.PrepInstaller|Any CPU.ActiveCfg = PrepInstaller|Any CPU
		{9AD1E19B-D311-4484-B147-7DC2FAD484B4}.PrepInstaller|Any CPU.Build.0 = PrepInstaller|Any CPU
		{9AD1E19B-D311-4484-B147-7DC2FAD484B4}.PrepInstaller|x86.ActiveCfg = Release|Any CPU
		{9AD1E19B-D311-4484-B147-7DC2FAD484B4}.PrepInstaller|x86.Build.0 = Release|Any CPU
		{9AD1E19B-D311-4484-B147-7DC2FAD484B4}.Release|Any CPU.ActiveCfg = Release|Any CPU
		{9AD1E19B-D311-4484-B147-7DC2FAD484B4}.Release|Any CPU.Build.0 = Release|Any CPU
		{9AD1E19B-D311-4484-B147-7DC2FAD484B4}.Release|x86.ActiveCfg = Release|Any CPU
		{9AD1E19B-D311-4484-B147-7DC2FAD484B4}.Release|x86.Build.0 = Release|Any CPU
		{9AD1E19B-D311-4484-B147-7DC2FAD484B4}.ReleaseNuget|Any CPU.ActiveCfg = ReleaseNuget|Any CPU
		{9AD1E19B-D311-4484-B147-7DC2FAD484B4}.ReleaseNuget|Any CPU.Build.0 = ReleaseNuget|Any CPU
		{9AD1E19B-D311-4484-B147-7DC2FAD484B4}.ReleaseNuget|x86.ActiveCfg = Release|Any CPU
		{9AD1E19B-D311-4484-B147-7DC2FAD484B4}.ReleaseNuget|x86.Build.0 = Release|Any CPU
		{0657F8E2-F7B5-4CB0-AE79-39E87136967F}.All|Any CPU.ActiveCfg = Release|Any CPU
		{0657F8E2-F7B5-4CB0-AE79-39E87136967F}.All|Any CPU.Build.0 = Release|Any CPU
		{0657F8E2-F7B5-4CB0-AE79-39E87136967F}.All|x86.ActiveCfg = Release|Any CPU
		{0657F8E2-F7B5-4CB0-AE79-39E87136967F}.All|x86.Build.0 = Release|Any CPU
		{0657F8E2-F7B5-4CB0-AE79-39E87136967F}.Debug|Any CPU.ActiveCfg = Debug|Any CPU
		{0657F8E2-F7B5-4CB0-AE79-39E87136967F}.Debug|Any CPU.Build.0 = Debug|Any CPU
		{0657F8E2-F7B5-4CB0-AE79-39E87136967F}.Debug|x86.ActiveCfg = Debug|x86
		{0657F8E2-F7B5-4CB0-AE79-39E87136967F}.Debug|x86.Build.0 = Debug|x86
		{0657F8E2-F7B5-4CB0-AE79-39E87136967F}.PrepInstaller|Any CPU.ActiveCfg = PrepInstaller|Any CPU
		{0657F8E2-F7B5-4CB0-AE79-39E87136967F}.PrepInstaller|Any CPU.Build.0 = PrepInstaller|Any CPU
		{0657F8E2-F7B5-4CB0-AE79-39E87136967F}.PrepInstaller|x86.ActiveCfg = Release|Any CPU
		{0657F8E2-F7B5-4CB0-AE79-39E87136967F}.PrepInstaller|x86.Build.0 = Release|Any CPU
		{0657F8E2-F7B5-4CB0-AE79-39E87136967F}.Release|Any CPU.ActiveCfg = Release|Any CPU
		{0657F8E2-F7B5-4CB0-AE79-39E87136967F}.Release|Any CPU.Build.0 = Release|Any CPU
		{0657F8E2-F7B5-4CB0-AE79-39E87136967F}.Release|x86.ActiveCfg = Release|Any CPU
		{0657F8E2-F7B5-4CB0-AE79-39E87136967F}.Release|x86.Build.0 = Release|Any CPU
		{0657F8E2-F7B5-4CB0-AE79-39E87136967F}.ReleaseNuget|Any CPU.ActiveCfg = Release|Any CPU
		{0657F8E2-F7B5-4CB0-AE79-39E87136967F}.ReleaseNuget|Any CPU.Build.0 = Release|Any CPU
		{0657F8E2-F7B5-4CB0-AE79-39E87136967F}.ReleaseNuget|x86.ActiveCfg = Release|Any CPU
		{0657F8E2-F7B5-4CB0-AE79-39E87136967F}.ReleaseNuget|x86.Build.0 = Release|Any CPU
		{B1FECE6D-BCD8-4554-BC40-9ADCCD2B8B43}.All|Any CPU.ActiveCfg = Release|Any CPU
		{B1FECE6D-BCD8-4554-BC40-9ADCCD2B8B43}.All|Any CPU.Build.0 = Release|Any CPU
		{B1FECE6D-BCD8-4554-BC40-9ADCCD2B8B43}.All|x86.ActiveCfg = Release|Any CPU
		{B1FECE6D-BCD8-4554-BC40-9ADCCD2B8B43}.All|x86.Build.0 = Release|Any CPU
		{B1FECE6D-BCD8-4554-BC40-9ADCCD2B8B43}.Debug|Any CPU.ActiveCfg = Debug|Any CPU
		{B1FECE6D-BCD8-4554-BC40-9ADCCD2B8B43}.Debug|Any CPU.Build.0 = Debug|Any CPU
		{B1FECE6D-BCD8-4554-BC40-9ADCCD2B8B43}.Debug|x86.ActiveCfg = Debug|x86
		{B1FECE6D-BCD8-4554-BC40-9ADCCD2B8B43}.Debug|x86.Build.0 = Debug|x86
		{B1FECE6D-BCD8-4554-BC40-9ADCCD2B8B43}.PrepInstaller|Any CPU.ActiveCfg = PrepInstaller|Any CPU
		{B1FECE6D-BCD8-4554-BC40-9ADCCD2B8B43}.PrepInstaller|Any CPU.Build.0 = PrepInstaller|Any CPU
		{B1FECE6D-BCD8-4554-BC40-9ADCCD2B8B43}.PrepInstaller|x86.ActiveCfg = Release|Any CPU
		{B1FECE6D-BCD8-4554-BC40-9ADCCD2B8B43}.PrepInstaller|x86.Build.0 = Release|Any CPU
		{B1FECE6D-BCD8-4554-BC40-9ADCCD2B8B43}.Release|Any CPU.ActiveCfg = Release|Any CPU
		{B1FECE6D-BCD8-4554-BC40-9ADCCD2B8B43}.Release|Any CPU.Build.0 = Release|Any CPU
		{B1FECE6D-BCD8-4554-BC40-9ADCCD2B8B43}.Release|x86.ActiveCfg = Release|Any CPU
		{B1FECE6D-BCD8-4554-BC40-9ADCCD2B8B43}.Release|x86.Build.0 = Release|Any CPU
		{B1FECE6D-BCD8-4554-BC40-9ADCCD2B8B43}.ReleaseNuget|Any CPU.ActiveCfg = Release|Any CPU
		{B1FECE6D-BCD8-4554-BC40-9ADCCD2B8B43}.ReleaseNuget|Any CPU.Build.0 = Release|Any CPU
		{B1FECE6D-BCD8-4554-BC40-9ADCCD2B8B43}.ReleaseNuget|x86.ActiveCfg = Release|Any CPU
		{B1FECE6D-BCD8-4554-BC40-9ADCCD2B8B43}.ReleaseNuget|x86.Build.0 = Release|Any CPU
		{F5B687AA-A5BD-4E7E-A15C-1DA97B857668}.All|Any CPU.ActiveCfg = Debug|Any CPU
		{F5B687AA-A5BD-4E7E-A15C-1DA97B857668}.All|Any CPU.Build.0 = Debug|Any CPU
		{F5B687AA-A5BD-4E7E-A15C-1DA97B857668}.All|x86.ActiveCfg = Debug|Any CPU
		{F5B687AA-A5BD-4E7E-A15C-1DA97B857668}.All|x86.Build.0 = Debug|Any CPU
		{F5B687AA-A5BD-4E7E-A15C-1DA97B857668}.Debug|Any CPU.ActiveCfg = Debug|Any CPU
		{F5B687AA-A5BD-4E7E-A15C-1DA97B857668}.Debug|Any CPU.Build.0 = Debug|Any CPU
		{F5B687AA-A5BD-4E7E-A15C-1DA97B857668}.Debug|x86.ActiveCfg = Debug|Any CPU
		{F5B687AA-A5BD-4E7E-A15C-1DA97B857668}.Debug|x86.Build.0 = Debug|Any CPU
		{F5B687AA-A5BD-4E7E-A15C-1DA97B857668}.PrepInstaller|Any CPU.ActiveCfg = PrepInstaller|Any CPU
		{F5B687AA-A5BD-4E7E-A15C-1DA97B857668}.PrepInstaller|Any CPU.Build.0 = PrepInstaller|Any CPU
		{F5B687AA-A5BD-4E7E-A15C-1DA97B857668}.PrepInstaller|x86.ActiveCfg = Debug|Any CPU
		{F5B687AA-A5BD-4E7E-A15C-1DA97B857668}.PrepInstaller|x86.Build.0 = Debug|Any CPU
		{F5B687AA-A5BD-4E7E-A15C-1DA97B857668}.Release|Any CPU.ActiveCfg = Release|Any CPU
		{F5B687AA-A5BD-4E7E-A15C-1DA97B857668}.Release|Any CPU.Build.0 = Release|Any CPU
		{F5B687AA-A5BD-4E7E-A15C-1DA97B857668}.Release|x86.ActiveCfg = Release|Any CPU
		{F5B687AA-A5BD-4E7E-A15C-1DA97B857668}.Release|x86.Build.0 = Release|Any CPU
		{F5B687AA-A5BD-4E7E-A15C-1DA97B857668}.ReleaseNuget|Any CPU.ActiveCfg = Release|Any CPU
		{F5B687AA-A5BD-4E7E-A15C-1DA97B857668}.ReleaseNuget|Any CPU.Build.0 = Release|Any CPU
		{F5B687AA-A5BD-4E7E-A15C-1DA97B857668}.ReleaseNuget|x86.ActiveCfg = Release|Any CPU
		{F5B687AA-A5BD-4E7E-A15C-1DA97B857668}.ReleaseNuget|x86.Build.0 = Release|Any CPU
		{FED047CA-2265-4B9B-86B4-3FBF17FE580F}.All|Any CPU.ActiveCfg = Release|Any CPU
		{FED047CA-2265-4B9B-86B4-3FBF17FE580F}.All|Any CPU.Build.0 = Release|Any CPU
		{FED047CA-2265-4B9B-86B4-3FBF17FE580F}.All|x86.ActiveCfg = Release|Any CPU
		{FED047CA-2265-4B9B-86B4-3FBF17FE580F}.All|x86.Build.0 = Release|Any CPU
		{FED047CA-2265-4B9B-86B4-3FBF17FE580F}.Debug|Any CPU.ActiveCfg = Debug|Any CPU
		{FED047CA-2265-4B9B-86B4-3FBF17FE580F}.Debug|Any CPU.Build.0 = Debug|Any CPU
		{FED047CA-2265-4B9B-86B4-3FBF17FE580F}.Debug|x86.ActiveCfg = Debug|Any CPU
		{FED047CA-2265-4B9B-86B4-3FBF17FE580F}.Debug|x86.Build.0 = Debug|Any CPU
		{FED047CA-2265-4B9B-86B4-3FBF17FE580F}.PrepInstaller|Any CPU.ActiveCfg = PrepInstaller|Any CPU
		{FED047CA-2265-4B9B-86B4-3FBF17FE580F}.PrepInstaller|Any CPU.Build.0 = PrepInstaller|Any CPU
		{FED047CA-2265-4B9B-86B4-3FBF17FE580F}.PrepInstaller|x86.ActiveCfg = Release|Any CPU
		{FED047CA-2265-4B9B-86B4-3FBF17FE580F}.PrepInstaller|x86.Build.0 = Release|Any CPU
		{FED047CA-2265-4B9B-86B4-3FBF17FE580F}.Release|Any CPU.ActiveCfg = Release|Any CPU
		{FED047CA-2265-4B9B-86B4-3FBF17FE580F}.Release|Any CPU.Build.0 = Release|Any CPU
		{FED047CA-2265-4B9B-86B4-3FBF17FE580F}.Release|x86.ActiveCfg = Release|Any CPU
		{FED047CA-2265-4B9B-86B4-3FBF17FE580F}.Release|x86.Build.0 = Release|Any CPU
		{FED047CA-2265-4B9B-86B4-3FBF17FE580F}.ReleaseNuget|Any CPU.ActiveCfg = Release|Any CPU
		{FED047CA-2265-4B9B-86B4-3FBF17FE580F}.ReleaseNuget|Any CPU.Build.0 = Release|Any CPU
		{FED047CA-2265-4B9B-86B4-3FBF17FE580F}.ReleaseNuget|x86.ActiveCfg = Release|Any CPU
		{FED047CA-2265-4B9B-86B4-3FBF17FE580F}.ReleaseNuget|x86.Build.0 = Release|Any CPU
		{4BDFB94D-B06A-4AD8-9D19-E3F4D483BB37}.All|Any CPU.ActiveCfg = Debug|Any CPU
		{4BDFB94D-B06A-4AD8-9D19-E3F4D483BB37}.All|Any CPU.Build.0 = Debug|Any CPU
		{4BDFB94D-B06A-4AD8-9D19-E3F4D483BB37}.All|x86.ActiveCfg = Debug|Any CPU
		{4BDFB94D-B06A-4AD8-9D19-E3F4D483BB37}.All|x86.Build.0 = Debug|Any CPU
		{4BDFB94D-B06A-4AD8-9D19-E3F4D483BB37}.Debug|Any CPU.ActiveCfg = Debug|Any CPU
		{4BDFB94D-B06A-4AD8-9D19-E3F4D483BB37}.Debug|Any CPU.Build.0 = Debug|Any CPU
		{4BDFB94D-B06A-4AD8-9D19-E3F4D483BB37}.Debug|x86.ActiveCfg = Debug|Any CPU
		{4BDFB94D-B06A-4AD8-9D19-E3F4D483BB37}.Debug|x86.Build.0 = Debug|Any CPU
		{4BDFB94D-B06A-4AD8-9D19-E3F4D483BB37}.PrepInstaller|Any CPU.ActiveCfg = Debug|Any CPU
		{4BDFB94D-B06A-4AD8-9D19-E3F4D483BB37}.PrepInstaller|Any CPU.Build.0 = Debug|Any CPU
		{4BDFB94D-B06A-4AD8-9D19-E3F4D483BB37}.PrepInstaller|x86.ActiveCfg = Debug|Any CPU
		{4BDFB94D-B06A-4AD8-9D19-E3F4D483BB37}.PrepInstaller|x86.Build.0 = Debug|Any CPU
		{4BDFB94D-B06A-4AD8-9D19-E3F4D483BB37}.Release|Any CPU.ActiveCfg = Release|Any CPU
		{4BDFB94D-B06A-4AD8-9D19-E3F4D483BB37}.Release|Any CPU.Build.0 = Release|Any CPU
		{4BDFB94D-B06A-4AD8-9D19-E3F4D483BB37}.Release|x86.ActiveCfg = Release|Any CPU
		{4BDFB94D-B06A-4AD8-9D19-E3F4D483BB37}.Release|x86.Build.0 = Release|Any CPU
		{4BDFB94D-B06A-4AD8-9D19-E3F4D483BB37}.ReleaseNuget|Any CPU.ActiveCfg = Release|Any CPU
		{4BDFB94D-B06A-4AD8-9D19-E3F4D483BB37}.ReleaseNuget|Any CPU.Build.0 = Release|Any CPU
		{4BDFB94D-B06A-4AD8-9D19-E3F4D483BB37}.ReleaseNuget|x86.ActiveCfg = Release|Any CPU
		{4BDFB94D-B06A-4AD8-9D19-E3F4D483BB37}.ReleaseNuget|x86.Build.0 = Release|Any CPU
	EndGlobalSection
	GlobalSection(SolutionProperties) = preSolution
		HideSolutionNode = FALSE
	EndGlobalSection
	GlobalSection(NestedProjects) = preSolution
		{00A8B562-FC2E-4D12-A778-462F0292611E} = {8CBC9129-7A79-483A-838B-2C6FF3762B35}
		{52AF10F7-DCF9-4E1D-B4DD-331456671118} = {8CBC9129-7A79-483A-838B-2C6FF3762B35}
		{70E2E351-AC0D-486D-B357-B890EF20D1C8} = {8CBC9129-7A79-483A-838B-2C6FF3762B35}
	EndGlobalSection
	GlobalSection(ExtensibilityGlobals) = postSolution
		SolutionGuid = {40D49710-F666-4479-96E1-FFC3BA0D3D5A}
		BuildVersion_StartDate = 2000/1/1
	EndGlobalSection
EndGlobal
